// !$*UTF8*$!
{
	archiveVersion = 1;
	classes = {
	};
	objectVersion = 50;
	objects = {

/* Begin PBXBuildFile section */
		F4088FB525284883007D4F94 /* UIScrollViewExtension.swift in Sources */ = {isa = PBXBuildFile; fileRef = F4088FB425284883007D4F94 /* UIScrollViewExtension.swift */; };
		F4088FB625284883007D4F94 /* UIScrollViewExtension.swift in Sources */ = {isa = PBXBuildFile; fileRef = F4088FB425284883007D4F94 /* UIScrollViewExtension.swift */; };
		F4088FB725284883007D4F94 /* UIScrollViewExtension.swift in Sources */ = {isa = PBXBuildFile; fileRef = F4088FB425284883007D4F94 /* UIScrollViewExtension.swift */; };
		F4088FBC25284940007D4F94 /* UISegmentedControlExtension.swift in Sources */ = {isa = PBXBuildFile; fileRef = F4088FBB25284940007D4F94 /* UISegmentedControlExtension.swift */; };
		F4088FBD25284940007D4F94 /* UISegmentedControlExtension.swift in Sources */ = {isa = PBXBuildFile; fileRef = F4088FBB25284940007D4F94 /* UISegmentedControlExtension.swift */; };
		F4088FBE25284940007D4F94 /* UISegmentedControlExtension.swift in Sources */ = {isa = PBXBuildFile; fileRef = F4088FBB25284940007D4F94 /* UISegmentedControlExtension.swift */; };
		F4088FC32528497F007D4F94 /* UISliderExtension.swift in Sources */ = {isa = PBXBuildFile; fileRef = F4088FC22528497F007D4F94 /* UISliderExtension.swift */; };
		F4088FC42528497F007D4F94 /* UISliderExtension.swift in Sources */ = {isa = PBXBuildFile; fileRef = F4088FC22528497F007D4F94 /* UISliderExtension.swift */; };
		F4088FC52528497F007D4F94 /* UISliderExtension.swift in Sources */ = {isa = PBXBuildFile; fileRef = F4088FC22528497F007D4F94 /* UISliderExtension.swift */; };
		F4088FCA25284A0C007D4F94 /* UITableViewExtension.swift in Sources */ = {isa = PBXBuildFile; fileRef = F4088FC925284A0C007D4F94 /* UITableViewExtension.swift */; };
		F4088FCB25284A0C007D4F94 /* UITableViewExtension.swift in Sources */ = {isa = PBXBuildFile; fileRef = F4088FC925284A0C007D4F94 /* UITableViewExtension.swift */; };
		F4088FCC25284A0C007D4F94 /* UITableViewExtension.swift in Sources */ = {isa = PBXBuildFile; fileRef = F4088FC925284A0C007D4F94 /* UITableViewExtension.swift */; };
		F4088FD125284B14007D4F94 /* UIViewControllerExtension.swift in Sources */ = {isa = PBXBuildFile; fileRef = F4088FD025284B14007D4F94 /* UIViewControllerExtension.swift */; };
		F4088FD225284B14007D4F94 /* UIViewControllerExtension.swift in Sources */ = {isa = PBXBuildFile; fileRef = F4088FD025284B14007D4F94 /* UIViewControllerExtension.swift */; };
		F4088FD325284B14007D4F94 /* UIViewControllerExtension.swift in Sources */ = {isa = PBXBuildFile; fileRef = F4088FD025284B14007D4F94 /* UIViewControllerExtension.swift */; };
		F4088FD825284BC8007D4F94 /* UISceneConfigurationExntension.swift in Sources */ = {isa = PBXBuildFile; fileRef = F4088FD725284BC8007D4F94 /* UISceneConfigurationExntension.swift */; };
		F4088FD925284BC8007D4F94 /* UISceneConfigurationExntension.swift in Sources */ = {isa = PBXBuildFile; fileRef = F4088FD725284BC8007D4F94 /* UISceneConfigurationExntension.swift */; };
		F4088FDA25284BC8007D4F94 /* UISceneConfigurationExntension.swift in Sources */ = {isa = PBXBuildFile; fileRef = F4088FD725284BC8007D4F94 /* UISceneConfigurationExntension.swift */; };
		F4088FE825284E69007D4F94 /* SPView.swift in Sources */ = {isa = PBXBuildFile; fileRef = F4088FE725284E69007D4F94 /* SPView.swift */; };
		F4088FE925284E69007D4F94 /* SPView.swift in Sources */ = {isa = PBXBuildFile; fileRef = F4088FE725284E69007D4F94 /* SPView.swift */; };
		F4088FEA25284E69007D4F94 /* SPView.swift in Sources */ = {isa = PBXBuildFile; fileRef = F4088FE725284E69007D4F94 /* SPView.swift */; };
		F4088FF225284EAB007D4F94 /* SPCollectionView.swift in Sources */ = {isa = PBXBuildFile; fileRef = F4088FF125284EAB007D4F94 /* SPCollectionView.swift */; };
		F4088FF325284EAB007D4F94 /* SPCollectionView.swift in Sources */ = {isa = PBXBuildFile; fileRef = F4088FF125284EAB007D4F94 /* SPCollectionView.swift */; };
		F4088FF425284EAB007D4F94 /* SPCollectionView.swift in Sources */ = {isa = PBXBuildFile; fileRef = F4088FF125284EAB007D4F94 /* SPCollectionView.swift */; };
		F4088FF925284EB5007D4F94 /* SPTableView.swift in Sources */ = {isa = PBXBuildFile; fileRef = F4088FF825284EB5007D4F94 /* SPTableView.swift */; };
		F4088FFA25284EB5007D4F94 /* SPTableView.swift in Sources */ = {isa = PBXBuildFile; fileRef = F4088FF825284EB5007D4F94 /* SPTableView.swift */; };
		F4088FFB25284EB5007D4F94 /* SPTableView.swift in Sources */ = {isa = PBXBuildFile; fileRef = F4088FF825284EB5007D4F94 /* SPTableView.swift */; };
		F408900D25284F40007D4F94 /* SPLabel.swift in Sources */ = {isa = PBXBuildFile; fileRef = F408900C25284F40007D4F94 /* SPLabel.swift */; };
		F408900E25284F40007D4F94 /* SPLabel.swift in Sources */ = {isa = PBXBuildFile; fileRef = F408900C25284F40007D4F94 /* SPLabel.swift */; };
		F408900F25284F40007D4F94 /* SPLabel.swift in Sources */ = {isa = PBXBuildFile; fileRef = F408900C25284F40007D4F94 /* SPLabel.swift */; };
		F408901425284FD9007D4F94 /* SPScrollView.swift in Sources */ = {isa = PBXBuildFile; fileRef = F408901325284FD9007D4F94 /* SPScrollView.swift */; };
		F408901525284FD9007D4F94 /* SPScrollView.swift in Sources */ = {isa = PBXBuildFile; fileRef = F408901325284FD9007D4F94 /* SPScrollView.swift */; };
		F408901625284FD9007D4F94 /* SPScrollView.swift in Sources */ = {isa = PBXBuildFile; fileRef = F408901325284FD9007D4F94 /* SPScrollView.swift */; };
		F408901B252850A2007D4F94 /* StringExtension.swift in Sources */ = {isa = PBXBuildFile; fileRef = F408901A252850A2007D4F94 /* StringExtension.swift */; };
		F408901C252850A2007D4F94 /* StringExtension.swift in Sources */ = {isa = PBXBuildFile; fileRef = F408901A252850A2007D4F94 /* StringExtension.swift */; };
		F408901D252850A2007D4F94 /* StringExtension.swift in Sources */ = {isa = PBXBuildFile; fileRef = F408901A252850A2007D4F94 /* StringExtension.swift */; };
		F408902225288CC1007D4F94 /* BoolExtension.swift in Sources */ = {isa = PBXBuildFile; fileRef = F408902125288CC1007D4F94 /* BoolExtension.swift */; };
		F408902325288CC1007D4F94 /* BoolExtension.swift in Sources */ = {isa = PBXBuildFile; fileRef = F408902125288CC1007D4F94 /* BoolExtension.swift */; };
		F408902425288CC1007D4F94 /* BoolExtension.swift in Sources */ = {isa = PBXBuildFile; fileRef = F408902125288CC1007D4F94 /* BoolExtension.swift */; };
		F40C0CCA2522001500B9C1C2 /* UIViewExtension.swift in Sources */ = {isa = PBXBuildFile; fileRef = F40C0CC92522001500B9C1C2 /* UIViewExtension.swift */; };
		F40C0CCB2522001500B9C1C2 /* UIViewExtension.swift in Sources */ = {isa = PBXBuildFile; fileRef = F40C0CC92522001500B9C1C2 /* UIViewExtension.swift */; };
		F40C0CCC2522001500B9C1C2 /* UIViewExtension.swift in Sources */ = {isa = PBXBuildFile; fileRef = F40C0CC92522001500B9C1C2 /* UIViewExtension.swift */; };
		F4140FCD25514DCE00EBC77E /* UIEdgeInsetsExtension.swift in Sources */ = {isa = PBXBuildFile; fileRef = F4140FCC25514DCE00EBC77E /* UIEdgeInsetsExtension.swift */; };
		F4140FCE25514DCE00EBC77E /* UIEdgeInsetsExtension.swift in Sources */ = {isa = PBXBuildFile; fileRef = F4140FCC25514DCE00EBC77E /* UIEdgeInsetsExtension.swift */; };
		F4140FCF25514DCE00EBC77E /* UIEdgeInsetsExtension.swift in Sources */ = {isa = PBXBuildFile; fileRef = F4140FCC25514DCE00EBC77E /* UIEdgeInsetsExtension.swift */; };
		F43423B5251CDDDC0094F319 /* Delay.swift in Sources */ = {isa = PBXBuildFile; fileRef = F4ACC349251CCEC90073F10E /* Delay.swift */; };
		F43423B6251CDDDC0094F319 /* UserDefaultsExtension.swift in Sources */ = {isa = PBXBuildFile; fileRef = F4342349251CD5F10094F319 /* UserDefaultsExtension.swift */; };
		F43423B8251CDDDC0094F319 /* LocaleExtension.swift in Sources */ = {isa = PBXBuildFile; fileRef = F4ACC35E251CD08F0073F10E /* LocaleExtension.swift */; };
		F43423BC251CDDDD0094F319 /* Delay.swift in Sources */ = {isa = PBXBuildFile; fileRef = F4ACC349251CCEC90073F10E /* Delay.swift */; };
		F43423BD251CDDDD0094F319 /* UserDefaultsExtension.swift in Sources */ = {isa = PBXBuildFile; fileRef = F4342349251CD5F10094F319 /* UserDefaultsExtension.swift */; };
		F43423BF251CDDDD0094F319 /* LocaleExtension.swift in Sources */ = {isa = PBXBuildFile; fileRef = F4ACC35E251CD08F0073F10E /* LocaleExtension.swift */; };
		F43423C6251CDDDE0094F319 /* Delay.swift in Sources */ = {isa = PBXBuildFile; fileRef = F4ACC349251CCEC90073F10E /* Delay.swift */; };
		F43423C7251CDDDE0094F319 /* UserDefaultsExtension.swift in Sources */ = {isa = PBXBuildFile; fileRef = F4342349251CD5F10094F319 /* UserDefaultsExtension.swift */; };
		F43423C8251CDDDE0094F319 /* UIFeedbackGeneratorExtension.swift in Sources */ = {isa = PBXBuildFile; fileRef = F4ACC347251CCEC90073F10E /* UIFeedbackGeneratorExtension.swift */; };
		F43423C9251CDDDE0094F319 /* LocaleExtension.swift in Sources */ = {isa = PBXBuildFile; fileRef = F4ACC35E251CD08F0073F10E /* LocaleExtension.swift */; };
		F438B1622527035600742AA1 /* UICollectionViewExtension.swift in Sources */ = {isa = PBXBuildFile; fileRef = F438B1612527035600742AA1 /* UICollectionViewExtension.swift */; };
		F438B1632527035600742AA1 /* UICollectionViewExtension.swift in Sources */ = {isa = PBXBuildFile; fileRef = F438B1612527035600742AA1 /* UICollectionViewExtension.swift */; };
		F438B1642527035600742AA1 /* UICollectionViewExtension.swift in Sources */ = {isa = PBXBuildFile; fileRef = F438B1612527035600742AA1 /* UICollectionViewExtension.swift */; };
		F438B1692527045600742AA1 /* UIGestureRecognizerExtension.swift in Sources */ = {isa = PBXBuildFile; fileRef = F438B1682527045600742AA1 /* UIGestureRecognizerExtension.swift */; };
		F438B16A2527045600742AA1 /* UIGestureRecognizerExtension.swift in Sources */ = {isa = PBXBuildFile; fileRef = F438B1682527045600742AA1 /* UIGestureRecognizerExtension.swift */; };
		F438B16B2527045600742AA1 /* UIGestureRecognizerExtension.swift in Sources */ = {isa = PBXBuildFile; fileRef = F438B1682527045600742AA1 /* UIGestureRecognizerExtension.swift */; };
		F438B1702527047700742AA1 /* UIImageExtension.swift in Sources */ = {isa = PBXBuildFile; fileRef = F438B16F2527047700742AA1 /* UIImageExtension.swift */; };
		F438B1712527047700742AA1 /* UIImageExtension.swift in Sources */ = {isa = PBXBuildFile; fileRef = F438B16F2527047700742AA1 /* UIImageExtension.swift */; };
		F438B1722527047700742AA1 /* UIImageExtension.swift in Sources */ = {isa = PBXBuildFile; fileRef = F438B16F2527047700742AA1 /* UIImageExtension.swift */; };
		F438B1772527059A00742AA1 /* UIImageViewExtension.swift in Sources */ = {isa = PBXBuildFile; fileRef = F438B1762527059A00742AA1 /* UIImageViewExtension.swift */; };
		F438B1782527059A00742AA1 /* UIImageViewExtension.swift in Sources */ = {isa = PBXBuildFile; fileRef = F438B1762527059A00742AA1 /* UIImageViewExtension.swift */; };
		F438B1792527059A00742AA1 /* UIImageViewExtension.swift in Sources */ = {isa = PBXBuildFile; fileRef = F438B1762527059A00742AA1 /* UIImageViewExtension.swift */; };
		F438B17E2527075800742AA1 /* UINavigationBarExtension.swift in Sources */ = {isa = PBXBuildFile; fileRef = F438B17D2527075800742AA1 /* UINavigationBarExtension.swift */; };
		F438B17F2527075800742AA1 /* UINavigationBarExtension.swift in Sources */ = {isa = PBXBuildFile; fileRef = F438B17D2527075800742AA1 /* UINavigationBarExtension.swift */; };
		F438B1802527075800742AA1 /* UINavigationBarExtension.swift in Sources */ = {isa = PBXBuildFile; fileRef = F438B17D2527075800742AA1 /* UINavigationBarExtension.swift */; };
		F438B1852527083A00742AA1 /* UINavigationControllerExtension.swift in Sources */ = {isa = PBXBuildFile; fileRef = F438B1842527083A00742AA1 /* UINavigationControllerExtension.swift */; };
		F438B1862527083A00742AA1 /* UINavigationControllerExtension.swift in Sources */ = {isa = PBXBuildFile; fileRef = F438B1842527083A00742AA1 /* UINavigationControllerExtension.swift */; };
		F438B1872527083A00742AA1 /* UINavigationControllerExtension.swift in Sources */ = {isa = PBXBuildFile; fileRef = F438B1842527083A00742AA1 /* UINavigationControllerExtension.swift */; };
		F44064CC258B3CC400B3E466 /* Do.swift in Sources */ = {isa = PBXBuildFile; fileRef = F44064CB258B3CC400B3E466 /* Do.swift */; };
		F44064CD258B3CC400B3E466 /* Do.swift in Sources */ = {isa = PBXBuildFile; fileRef = F44064CB258B3CC400B3E466 /* Do.swift */; };
		F44064CE258B3CC400B3E466 /* Do.swift in Sources */ = {isa = PBXBuildFile; fileRef = F44064CB258B3CC400B3E466 /* Do.swift */; };
		F44576A625409283002C69FB /* CollectionExtension.swift in Sources */ = {isa = PBXBuildFile; fileRef = F44576A525409283002C69FB /* CollectionExtension.swift */; };
		F44576A725409283002C69FB /* CollectionExtension.swift in Sources */ = {isa = PBXBuildFile; fileRef = F44576A525409283002C69FB /* CollectionExtension.swift */; };
		F44576A825409283002C69FB /* CollectionExtension.swift in Sources */ = {isa = PBXBuildFile; fileRef = F44576A525409283002C69FB /* CollectionExtension.swift */; };
		F44576B5254095FC002C69FB /* UIVisualEffectViewExtension.swift in Sources */ = {isa = PBXBuildFile; fileRef = F44576B4254095FC002C69FB /* UIVisualEffectViewExtension.swift */; };
		F44576B6254095FC002C69FB /* UIVisualEffectViewExtension.swift in Sources */ = {isa = PBXBuildFile; fileRef = F44576B4254095FC002C69FB /* UIVisualEffectViewExtension.swift */; };
		F44576B7254095FC002C69FB /* UIVisualEffectViewExtension.swift in Sources */ = {isa = PBXBuildFile; fileRef = F44576B4254095FC002C69FB /* UIVisualEffectViewExtension.swift */; };
		F44AB67C259083C100383CBC /* DataExtension.swift in Sources */ = {isa = PBXBuildFile; fileRef = F44AB67B259083C100383CBC /* DataExtension.swift */; };
		F44AB67D259083C100383CBC /* DataExtension.swift in Sources */ = {isa = PBXBuildFile; fileRef = F44AB67B259083C100383CBC /* DataExtension.swift */; };
		F44AB67E259083C100383CBC /* DataExtension.swift in Sources */ = {isa = PBXBuildFile; fileRef = F44AB67B259083C100383CBC /* DataExtension.swift */; };
		F44AB683259083D900383CBC /* UIStackViewExtension.swift in Sources */ = {isa = PBXBuildFile; fileRef = F44AB682259083D900383CBC /* UIStackViewExtension.swift */; };
		F44AB684259083D900383CBC /* UIStackViewExtension.swift in Sources */ = {isa = PBXBuildFile; fileRef = F44AB682259083D900383CBC /* UIStackViewExtension.swift */; };
		F44AB685259083D900383CBC /* UIStackViewExtension.swift in Sources */ = {isa = PBXBuildFile; fileRef = F44AB682259083D900383CBC /* UIStackViewExtension.swift */; };
		F472509C2584CB1D00BF7D57 /* CGAffineTransformExtension.swift in Sources */ = {isa = PBXBuildFile; fileRef = F472509B2584CB1D00BF7D57 /* CGAffineTransformExtension.swift */; };
		F472509D2584CB1D00BF7D57 /* CGAffineTransformExtension.swift in Sources */ = {isa = PBXBuildFile; fileRef = F472509B2584CB1D00BF7D57 /* CGAffineTransformExtension.swift */; };
		F472509E2584CB1D00BF7D57 /* CGAffineTransformExtension.swift in Sources */ = {isa = PBXBuildFile; fileRef = F472509B2584CB1D00BF7D57 /* CGAffineTransformExtension.swift */; };
		F473EB6F2538256B00C01D13 /* SPButton.swift in Sources */ = {isa = PBXBuildFile; fileRef = F473EB6E2538256B00C01D13 /* SPButton.swift */; };
		F473EB702538256B00C01D13 /* SPButton.swift in Sources */ = {isa = PBXBuildFile; fileRef = F473EB6E2538256B00C01D13 /* SPButton.swift */; };
		F473EB712538256B00C01D13 /* SPButton.swift in Sources */ = {isa = PBXBuildFile; fileRef = F473EB6E2538256B00C01D13 /* SPButton.swift */; };
		F473EB762538258200C01D13 /* SPDimmedButton.swift in Sources */ = {isa = PBXBuildFile; fileRef = F473EB752538258200C01D13 /* SPDimmedButton.swift */; };
		F473EB772538258200C01D13 /* SPDimmedButton.swift in Sources */ = {isa = PBXBuildFile; fileRef = F473EB752538258200C01D13 /* SPDimmedButton.swift */; };
		F473EB782538258200C01D13 /* SPDimmedButton.swift in Sources */ = {isa = PBXBuildFile; fileRef = F473EB752538258200C01D13 /* SPDimmedButton.swift */; };
		F4768A2625570108005F5043 /* SPImageView.swift in Sources */ = {isa = PBXBuildFile; fileRef = F4768A2525570108005F5043 /* SPImageView.swift */; };
		F4768A2725570108005F5043 /* SPImageView.swift in Sources */ = {isa = PBXBuildFile; fileRef = F4768A2525570108005F5043 /* SPImageView.swift */; };
		F4768A2825570108005F5043 /* SPImageView.swift in Sources */ = {isa = PBXBuildFile; fileRef = F4768A2525570108005F5043 /* SPImageView.swift */; };
		F476EEB525605479001EEE74 /* SPTableController.swift in Sources */ = {isa = PBXBuildFile; fileRef = F476EEB425605479001EEE74 /* SPTableController.swift */; };
		F476EEB625605479001EEE74 /* SPTableController.swift in Sources */ = {isa = PBXBuildFile; fileRef = F476EEB425605479001EEE74 /* SPTableController.swift */; };
		F476EEB725605479001EEE74 /* SPTableController.swift in Sources */ = {isa = PBXBuildFile; fileRef = F476EEB425605479001EEE74 /* SPTableController.swift */; };
		F476EEF725607675001EEE74 /* SPTableHeaderFooterView.swift in Sources */ = {isa = PBXBuildFile; fileRef = F476EEF625607675001EEE74 /* SPTableHeaderFooterView.swift */; };
		F476EEF825607675001EEE74 /* SPTableHeaderFooterView.swift in Sources */ = {isa = PBXBuildFile; fileRef = F476EEF625607675001EEE74 /* SPTableHeaderFooterView.swift */; };
		F476EEF925607675001EEE74 /* SPTableHeaderFooterView.swift in Sources */ = {isa = PBXBuildFile; fileRef = F476EEF625607675001EEE74 /* SPTableHeaderFooterView.swift */; };
		F4A6A59725303EA500A11A7B /* NSUserActivityExtension.swift in Sources */ = {isa = PBXBuildFile; fileRef = F4A6A59625303EA500A11A7B /* NSUserActivityExtension.swift */; };
		F4A6A59825303EA500A11A7B /* NSUserActivityExtension.swift in Sources */ = {isa = PBXBuildFile; fileRef = F4A6A59625303EA500A11A7B /* NSUserActivityExtension.swift */; };
		F4A6A59925303EA500A11A7B /* NSUserActivityExtension.swift in Sources */ = {isa = PBXBuildFile; fileRef = F4A6A59625303EA500A11A7B /* NSUserActivityExtension.swift */; };
		F4ACC354251CCF200073F10E /* SparrowKit.h in Headers */ = {isa = PBXBuildFile; fileRef = F4ACC352251CCF200073F10E /* SparrowKit.h */; settings = {ATTRIBUTES = (Public, ); }; };
		F4BEB0882524DD5A00552E88 /* CGRectExtension.swift in Sources */ = {isa = PBXBuildFile; fileRef = F4BEB0872524DD5A00552E88 /* CGRectExtension.swift */; };
		F4BEB0902524DE3800552E88 /* CGSizeExtensions.swift in Sources */ = {isa = PBXBuildFile; fileRef = F4BEB08F2524DE3800552E88 /* CGSizeExtensions.swift */; };
		F4BEB0952524DEAF00552E88 /* CGPointExtension.swift in Sources */ = {isa = PBXBuildFile; fileRef = F4BEB0942524DEAF00552E88 /* CGPointExtension.swift */; };
		F4BEB09C2524DF1F00552E88 /* CGPointExtension.swift in Sources */ = {isa = PBXBuildFile; fileRef = F4BEB0942524DEAF00552E88 /* CGPointExtension.swift */; };
		F4BEB0A02524DF1F00552E88 /* CGPointExtension.swift in Sources */ = {isa = PBXBuildFile; fileRef = F4BEB0942524DEAF00552E88 /* CGPointExtension.swift */; };
		F4BEB0A42524DF2100552E88 /* CGSizeExtensions.swift in Sources */ = {isa = PBXBuildFile; fileRef = F4BEB08F2524DE3800552E88 /* CGSizeExtensions.swift */; };
		F4BEB0A52524DF2100552E88 /* CGRectExtension.swift in Sources */ = {isa = PBXBuildFile; fileRef = F4BEB0872524DD5A00552E88 /* CGRectExtension.swift */; };
		F4BEB0A92524DF2200552E88 /* CGSizeExtensions.swift in Sources */ = {isa = PBXBuildFile; fileRef = F4BEB08F2524DE3800552E88 /* CGSizeExtensions.swift */; };
		F4BEB0AA2524DF2200552E88 /* CGRectExtension.swift in Sources */ = {isa = PBXBuildFile; fileRef = F4BEB0872524DD5A00552E88 /* CGRectExtension.swift */; };
		F4BEB0AF2524E08E00552E88 /* UIAlertControllerExtension.swift in Sources */ = {isa = PBXBuildFile; fileRef = F4BEB0AE2524E08E00552E88 /* UIAlertControllerExtension.swift */; };
		F4BEB0B62524E1F800552E88 /* UIAlertControllerExtension.swift in Sources */ = {isa = PBXBuildFile; fileRef = F4BEB0AE2524E08E00552E88 /* UIAlertControllerExtension.swift */; };
		F4BEB0BA2524E1F900552E88 /* UIAlertControllerExtension.swift in Sources */ = {isa = PBXBuildFile; fileRef = F4BEB0AE2524E08E00552E88 /* UIAlertControllerExtension.swift */; };
		F4C39AA0255F00900000E0A2 /* SPAppDelegate.swift in Sources */ = {isa = PBXBuildFile; fileRef = F4C39A9F255F00900000E0A2 /* SPAppDelegate.swift */; };
		F4C39AA1255F00900000E0A2 /* SPAppDelegate.swift in Sources */ = {isa = PBXBuildFile; fileRef = F4C39A9F255F00900000E0A2 /* SPAppDelegate.swift */; };
		F4C39AA2255F00900000E0A2 /* SPAppDelegate.swift in Sources */ = {isa = PBXBuildFile; fileRef = F4C39A9F255F00900000E0A2 /* SPAppDelegate.swift */; };
		F4C39AA7255F05200000E0A2 /* SPCollectionViewCell.swift in Sources */ = {isa = PBXBuildFile; fileRef = F4C39AA6255F05200000E0A2 /* SPCollectionViewCell.swift */; };
		F4C39AA8255F05200000E0A2 /* SPCollectionViewCell.swift in Sources */ = {isa = PBXBuildFile; fileRef = F4C39AA6255F05200000E0A2 /* SPCollectionViewCell.swift */; };
		F4C39AA9255F05200000E0A2 /* SPCollectionViewCell.swift in Sources */ = {isa = PBXBuildFile; fileRef = F4C39AA6255F05200000E0A2 /* SPCollectionViewCell.swift */; };
		F4C39ADE255F05E90000E0A2 /* SPCollectionReusableView.swift in Sources */ = {isa = PBXBuildFile; fileRef = F4C39ADD255F05E90000E0A2 /* SPCollectionReusableView.swift */; };
		F4C39ADF255F05E90000E0A2 /* SPCollectionReusableView.swift in Sources */ = {isa = PBXBuildFile; fileRef = F4C39ADD255F05E90000E0A2 /* SPCollectionReusableView.swift */; };
		F4C39AE0255F05E90000E0A2 /* SPCollectionReusableView.swift in Sources */ = {isa = PBXBuildFile; fileRef = F4C39ADD255F05E90000E0A2 /* SPCollectionReusableView.swift */; };
		F4C5969E2552C9330002D5E6 /* SPSlider.swift in Sources */ = {isa = PBXBuildFile; fileRef = F4C5969D2552C9330002D5E6 /* SPSlider.swift */; };
		F4C5969F2552C9330002D5E6 /* SPSlider.swift in Sources */ = {isa = PBXBuildFile; fileRef = F4C5969D2552C9330002D5E6 /* SPSlider.swift */; };
		F4C596A02552C9330002D5E6 /* SPSlider.swift in Sources */ = {isa = PBXBuildFile; fileRef = F4C5969D2552C9330002D5E6 /* SPSlider.swift */; };
		F4D073362559A6D4008DA80E /* SPController.swift in Sources */ = {isa = PBXBuildFile; fileRef = F4D073352559A6D4008DA80E /* SPController.swift */; };
		F4D073372559A6D4008DA80E /* SPController.swift in Sources */ = {isa = PBXBuildFile; fileRef = F4D073352559A6D4008DA80E /* SPController.swift */; };
		F4D073382559A6D4008DA80E /* SPController.swift in Sources */ = {isa = PBXBuildFile; fileRef = F4D073352559A6D4008DA80E /* SPController.swift */; };
		F4D073512559A95F008DA80E /* SPCollectionController.swift in Sources */ = {isa = PBXBuildFile; fileRef = F4D073502559A95F008DA80E /* SPCollectionController.swift */; };
		F4D073522559A95F008DA80E /* SPCollectionController.swift in Sources */ = {isa = PBXBuildFile; fileRef = F4D073502559A95F008DA80E /* SPCollectionController.swift */; };
		F4D073532559A95F008DA80E /* SPCollectionController.swift in Sources */ = {isa = PBXBuildFile; fileRef = F4D073502559A95F008DA80E /* SPCollectionController.swift */; };
		F4D6FAEE256640110046A328 /* SPAppWindowDelegate.swift in Sources */ = {isa = PBXBuildFile; fileRef = F4D6FAED256640110046A328 /* SPAppWindowDelegate.swift */; };
		F4D6FAEF256640110046A328 /* SPAppWindowDelegate.swift in Sources */ = {isa = PBXBuildFile; fileRef = F4D6FAED256640110046A328 /* SPAppWindowDelegate.swift */; };
		F4D6FAF0256640110046A328 /* SPAppWindowDelegate.swift in Sources */ = {isa = PBXBuildFile; fileRef = F4D6FAED256640110046A328 /* SPAppWindowDelegate.swift */; };
		F4D6FAF82566401E0046A328 /* SPAppScenesDelegate.swift in Sources */ = {isa = PBXBuildFile; fileRef = F4D6FAF72566401E0046A328 /* SPAppScenesDelegate.swift */; };
		F4D6FAF92566401E0046A328 /* SPAppScenesDelegate.swift in Sources */ = {isa = PBXBuildFile; fileRef = F4D6FAF72566401E0046A328 /* SPAppScenesDelegate.swift */; };
		F4D6FAFA2566401E0046A328 /* SPAppScenesDelegate.swift in Sources */ = {isa = PBXBuildFile; fileRef = F4D6FAF72566401E0046A328 /* SPAppScenesDelegate.swift */; };
		F4D6FB01256640BB0046A328 /* SPWindowSceneDelegate.swift in Sources */ = {isa = PBXBuildFile; fileRef = F4D6FB00256640BB0046A328 /* SPWindowSceneDelegate.swift */; };
		F4D6FB02256640BB0046A328 /* SPWindowSceneDelegate.swift in Sources */ = {isa = PBXBuildFile; fileRef = F4D6FB00256640BB0046A328 /* SPWindowSceneDelegate.swift */; };
		F4D6FB03256640BB0046A328 /* SPWindowSceneDelegate.swift in Sources */ = {isa = PBXBuildFile; fileRef = F4D6FB00256640BB0046A328 /* SPWindowSceneDelegate.swift */; };
		F4D75C37252C5D79003FB0E7 /* SPLogger.swift in Sources */ = {isa = PBXBuildFile; fileRef = F4D75C36252C5D79003FB0E7 /* SPLogger.swift */; };
		F4D83C2B25591BE600097F51 /* SPTableViewCell.swift in Sources */ = {isa = PBXBuildFile; fileRef = F4D83C2A25591BE600097F51 /* SPTableViewCell.swift */; };
		F4D83C2C25591BE600097F51 /* SPTableViewCell.swift in Sources */ = {isa = PBXBuildFile; fileRef = F4D83C2A25591BE600097F51 /* SPTableViewCell.swift */; };
		F4D83C2D25591BE600097F51 /* SPTableViewCell.swift in Sources */ = {isa = PBXBuildFile; fileRef = F4D83C2A25591BE600097F51 /* SPTableViewCell.swift */; };
		F4E282C3255FE97100E129D0 /* UIDeviceExtenshion.swift in Sources */ = {isa = PBXBuildFile; fileRef = F4E282C2255FE97100E129D0 /* UIDeviceExtenshion.swift */; };
		F4E282C4255FE97100E129D0 /* UIDeviceExtenshion.swift in Sources */ = {isa = PBXBuildFile; fileRef = F4E282C2255FE97100E129D0 /* UIDeviceExtenshion.swift */; };
		F4E282C5255FE97100E129D0 /* UIDeviceExtenshion.swift in Sources */ = {isa = PBXBuildFile; fileRef = F4E282C2255FE97100E129D0 /* UIDeviceExtenshion.swift */; };
		F4E512522525AC2E00F441CB /* UIApplicationExtension.swift in Sources */ = {isa = PBXBuildFile; fileRef = F4E512512525AC2E00F441CB /* UIApplicationExtension.swift */; };
		F4E512592525ACBD00F441CB /* UIBezierPathExtension.swift in Sources */ = {isa = PBXBuildFile; fileRef = F4E512582525ACBD00F441CB /* UIBezierPathExtension.swift */; };
		F4E512602525AD0E00F441CB /* UIButtonExtension.swift in Sources */ = {isa = PBXBuildFile; fileRef = F4E5125F2525AD0E00F441CB /* UIButtonExtension.swift */; };
		F4E512672525ADD700F441CB /* UIColorExtension.swift in Sources */ = {isa = PBXBuildFile; fileRef = F4E512662525ADD700F441CB /* UIColorExtension.swift */; };
		F4E512702525AE4700F441CB /* UIApplicationExtension.swift in Sources */ = {isa = PBXBuildFile; fileRef = F4E512512525AC2E00F441CB /* UIApplicationExtension.swift */; };
		F4E512712525AE4700F441CB /* UIBezierPathExtension.swift in Sources */ = {isa = PBXBuildFile; fileRef = F4E512582525ACBD00F441CB /* UIBezierPathExtension.swift */; };
		F4E512722525AE4700F441CB /* UIButtonExtension.swift in Sources */ = {isa = PBXBuildFile; fileRef = F4E5125F2525AD0E00F441CB /* UIButtonExtension.swift */; };
		F4E512732525AE4700F441CB /* UIFeedbackGeneratorExtension.swift in Sources */ = {isa = PBXBuildFile; fileRef = F4ACC347251CCEC90073F10E /* UIFeedbackGeneratorExtension.swift */; };
		F4E512742525AE4700F441CB /* UIColorExtension.swift in Sources */ = {isa = PBXBuildFile; fileRef = F4E512662525ADD700F441CB /* UIColorExtension.swift */; };
		F4E5127B2525AE4800F441CB /* UIApplicationExtension.swift in Sources */ = {isa = PBXBuildFile; fileRef = F4E512512525AC2E00F441CB /* UIApplicationExtension.swift */; };
		F4E5127C2525AE4800F441CB /* UIBezierPathExtension.swift in Sources */ = {isa = PBXBuildFile; fileRef = F4E512582525ACBD00F441CB /* UIBezierPathExtension.swift */; };
		F4E5127D2525AE4800F441CB /* UIButtonExtension.swift in Sources */ = {isa = PBXBuildFile; fileRef = F4E5125F2525AD0E00F441CB /* UIButtonExtension.swift */; };
		F4E5127E2525AE4800F441CB /* UIFeedbackGeneratorExtension.swift in Sources */ = {isa = PBXBuildFile; fileRef = F4ACC347251CCEC90073F10E /* UIFeedbackGeneratorExtension.swift */; };
		F4E5127F2525AE4800F441CB /* UIColorExtension.swift in Sources */ = {isa = PBXBuildFile; fileRef = F4E512662525ADD700F441CB /* UIColorExtension.swift */; };
		F4E512842525AE5D00F441CB /* UIFontExtension.swift in Sources */ = {isa = PBXBuildFile; fileRef = F4E512832525AE5D00F441CB /* UIFontExtension.swift */; };
		F4E512852525AE5D00F441CB /* UIFontExtension.swift in Sources */ = {isa = PBXBuildFile; fileRef = F4E512832525AE5D00F441CB /* UIFontExtension.swift */; };
		F4E512862525AE5D00F441CB /* UIFontExtension.swift in Sources */ = {isa = PBXBuildFile; fileRef = F4E512832525AE5D00F441CB /* UIFontExtension.swift */; };
		F4E5128B2525B21500F441CB /* UILabelExtension.swift in Sources */ = {isa = PBXBuildFile; fileRef = F4E5128A2525B21500F441CB /* UILabelExtension.swift */; };
		F4E5128C2525B21500F441CB /* UILabelExtension.swift in Sources */ = {isa = PBXBuildFile; fileRef = F4E5128A2525B21500F441CB /* UILabelExtension.swift */; };
		F4E5128D2525B21500F441CB /* UILabelExtension.swift in Sources */ = {isa = PBXBuildFile; fileRef = F4E5128A2525B21500F441CB /* UILabelExtension.swift */; };
		F4E512922525B3B900F441CB /* UISwitchExtension.swift in Sources */ = {isa = PBXBuildFile; fileRef = F4E512912525B3B900F441CB /* UISwitchExtension.swift */; };
		F4E512932525B3B900F441CB /* UISwitchExtension.swift in Sources */ = {isa = PBXBuildFile; fileRef = F4E512912525B3B900F441CB /* UISwitchExtension.swift */; };
		F4E512942525B3B900F441CB /* UISwitchExtension.swift in Sources */ = {isa = PBXBuildFile; fileRef = F4E512912525B3B900F441CB /* UISwitchExtension.swift */; };
		F4EA2A51256ED15A00203860 /* NotificationCenterExtension.swift in Sources */ = {isa = PBXBuildFile; fileRef = F4EA2A50256ED15A00203860 /* NotificationCenterExtension.swift */; };
		F4EA2A52256ED15A00203860 /* NotificationCenterExtension.swift in Sources */ = {isa = PBXBuildFile; fileRef = F4EA2A50256ED15A00203860 /* NotificationCenterExtension.swift */; };
		F4EA2A53256ED15A00203860 /* NotificationCenterExtension.swift in Sources */ = {isa = PBXBuildFile; fileRef = F4EA2A50256ED15A00203860 /* NotificationCenterExtension.swift */; };
		F4EB4F252556A98A006113A3 /* UITabBarControllerExtension.swift in Sources */ = {isa = PBXBuildFile; fileRef = F4EB4F242556A98A006113A3 /* UITabBarControllerExtension.swift */; };
		F4EB4F262556A98A006113A3 /* UITabBarControllerExtension.swift in Sources */ = {isa = PBXBuildFile; fileRef = F4EB4F242556A98A006113A3 /* UITabBarControllerExtension.swift */; };
		F4EB4F272556A98A006113A3 /* UITabBarControllerExtension.swift in Sources */ = {isa = PBXBuildFile; fileRef = F4EB4F242556A98A006113A3 /* UITabBarControllerExtension.swift */; };
		F4F00F39251E424700A86CAD /* CalendarExtension.swift in Sources */ = {isa = PBXBuildFile; fileRef = F4F00F38251E424700A86CAD /* CalendarExtension.swift */; };
		F4F00F3A251E424700A86CAD /* CalendarExtension.swift in Sources */ = {isa = PBXBuildFile; fileRef = F4F00F38251E424700A86CAD /* CalendarExtension.swift */; };
		F4F00F3B251E424700A86CAD /* CalendarExtension.swift in Sources */ = {isa = PBXBuildFile; fileRef = F4F00F38251E424700A86CAD /* CalendarExtension.swift */; };
		F4F00F40251E42CF00A86CAD /* DateExtension.swift in Sources */ = {isa = PBXBuildFile; fileRef = F4F00F3F251E42CF00A86CAD /* DateExtension.swift */; };
		F4F00F41251E42CF00A86CAD /* DateExtension.swift in Sources */ = {isa = PBXBuildFile; fileRef = F4F00F3F251E42CF00A86CAD /* DateExtension.swift */; };
		F4F00F42251E42CF00A86CAD /* DateExtension.swift in Sources */ = {isa = PBXBuildFile; fileRef = F4F00F3F251E42CF00A86CAD /* DateExtension.swift */; };
		F4F88C85256C484E0002627D /* NSObjectExtension.swift in Sources */ = {isa = PBXBuildFile; fileRef = F4F88C84256C484E0002627D /* NSObjectExtension.swift */; };
		F4F88C86256C484E0002627D /* NSObjectExtension.swift in Sources */ = {isa = PBXBuildFile; fileRef = F4F88C84256C484E0002627D /* NSObjectExtension.swift */; };
		F4F88C87256C484E0002627D /* NSObjectExtension.swift in Sources */ = {isa = PBXBuildFile; fileRef = F4F88C84256C484E0002627D /* NSObjectExtension.swift */; };
		F4FC3611253ACC6C004A9312 /* SPLogger.swift in Sources */ = {isa = PBXBuildFile; fileRef = F4D75C36252C5D79003FB0E7 /* SPLogger.swift */; };
		F4FC3612253ACC6D004A9312 /* SPLogger.swift in Sources */ = {isa = PBXBuildFile; fileRef = F4D75C36252C5D79003FB0E7 /* SPLogger.swift */; };
/* End PBXBuildFile section */

/* Begin PBXFileReference section */
		F4088FB425284883007D4F94 /* UIScrollViewExtension.swift */ = {isa = PBXFileReference; lastKnownFileType = sourcecode.swift; path = UIScrollViewExtension.swift; sourceTree = "<group>"; };
		F4088FBB25284940007D4F94 /* UISegmentedControlExtension.swift */ = {isa = PBXFileReference; lastKnownFileType = sourcecode.swift; path = UISegmentedControlExtension.swift; sourceTree = "<group>"; };
		F4088FC22528497F007D4F94 /* UISliderExtension.swift */ = {isa = PBXFileReference; lastKnownFileType = sourcecode.swift; path = UISliderExtension.swift; sourceTree = "<group>"; };
		F4088FC925284A0C007D4F94 /* UITableViewExtension.swift */ = {isa = PBXFileReference; lastKnownFileType = sourcecode.swift; path = UITableViewExtension.swift; sourceTree = "<group>"; };
		F4088FD025284B14007D4F94 /* UIViewControllerExtension.swift */ = {isa = PBXFileReference; lastKnownFileType = sourcecode.swift; path = UIViewControllerExtension.swift; sourceTree = "<group>"; };
		F4088FD725284BC8007D4F94 /* UISceneConfigurationExntension.swift */ = {isa = PBXFileReference; lastKnownFileType = sourcecode.swift; path = UISceneConfigurationExntension.swift; sourceTree = "<group>"; };
		F4088FE725284E69007D4F94 /* SPView.swift */ = {isa = PBXFileReference; lastKnownFileType = sourcecode.swift; path = SPView.swift; sourceTree = "<group>"; };
		F4088FF125284EAB007D4F94 /* SPCollectionView.swift */ = {isa = PBXFileReference; lastKnownFileType = sourcecode.swift; path = SPCollectionView.swift; sourceTree = "<group>"; };
		F4088FF825284EB5007D4F94 /* SPTableView.swift */ = {isa = PBXFileReference; lastKnownFileType = sourcecode.swift; path = SPTableView.swift; sourceTree = "<group>"; };
		F408900C25284F40007D4F94 /* SPLabel.swift */ = {isa = PBXFileReference; lastKnownFileType = sourcecode.swift; path = SPLabel.swift; sourceTree = "<group>"; };
		F408901325284FD9007D4F94 /* SPScrollView.swift */ = {isa = PBXFileReference; lastKnownFileType = sourcecode.swift; path = SPScrollView.swift; sourceTree = "<group>"; };
		F408901A252850A2007D4F94 /* StringExtension.swift */ = {isa = PBXFileReference; lastKnownFileType = sourcecode.swift; path = StringExtension.swift; sourceTree = "<group>"; };
		F408902125288CC1007D4F94 /* BoolExtension.swift */ = {isa = PBXFileReference; lastKnownFileType = sourcecode.swift; path = BoolExtension.swift; sourceTree = "<group>"; };
		F40C0CC92522001500B9C1C2 /* UIViewExtension.swift */ = {isa = PBXFileReference; lastKnownFileType = sourcecode.swift; path = UIViewExtension.swift; sourceTree = "<group>"; };
		F4140FCC25514DCE00EBC77E /* UIEdgeInsetsExtension.swift */ = {isa = PBXFileReference; lastKnownFileType = sourcecode.swift; path = UIEdgeInsetsExtension.swift; sourceTree = "<group>"; };
		F4342349251CD5F10094F319 /* UserDefaultsExtension.swift */ = {isa = PBXFileReference; lastKnownFileType = sourcecode.swift; path = UserDefaultsExtension.swift; sourceTree = "<group>"; };
		F4342364251CDB8D0094F319 /* LICENSE */ = {isa = PBXFileReference; fileEncoding = 4; lastKnownFileType = text; path = LICENSE; sourceTree = "<group>"; };
		F4342365251CDB8D0094F319 /* Package.swift */ = {isa = PBXFileReference; fileEncoding = 4; lastKnownFileType = sourcecode.swift; path = Package.swift; sourceTree = "<group>"; };
		F4342366251CDB8D0094F319 /* .gitignore */ = {isa = PBXFileReference; fileEncoding = 4; lastKnownFileType = text; path = .gitignore; sourceTree = "<group>"; };
		F4342372251CDB8D0094F319 /* FUNDING.yml */ = {isa = PBXFileReference; fileEncoding = 4; lastKnownFileType = text.yaml; path = FUNDING.yml; sourceTree = "<group>"; };
		F4342373251CDB8D0094F319 /* README.md */ = {isa = PBXFileReference; fileEncoding = 4; lastKnownFileType = net.daringfireball.markdown; path = README.md; sourceTree = "<group>"; };
		F4342391251CDCCB0094F319 /* SparrowKit_tvOS.framework */ = {isa = PBXFileReference; explicitFileType = wrapper.framework; includeInIndex = 0; path = SparrowKit_tvOS.framework; sourceTree = BUILT_PRODUCTS_DIR; };
		F43423A4251CDD450094F319 /* SparrowKit_watchOS.framework */ = {isa = PBXFileReference; explicitFileType = wrapper.framework; includeInIndex = 0; path = SparrowKit_watchOS.framework; sourceTree = BUILT_PRODUCTS_DIR; };
		F438B1612527035600742AA1 /* UICollectionViewExtension.swift */ = {isa = PBXFileReference; lastKnownFileType = sourcecode.swift; path = UICollectionViewExtension.swift; sourceTree = "<group>"; };
		F438B1682527045600742AA1 /* UIGestureRecognizerExtension.swift */ = {isa = PBXFileReference; lastKnownFileType = sourcecode.swift; path = UIGestureRecognizerExtension.swift; sourceTree = "<group>"; };
		F438B16F2527047700742AA1 /* UIImageExtension.swift */ = {isa = PBXFileReference; lastKnownFileType = sourcecode.swift; path = UIImageExtension.swift; sourceTree = "<group>"; };
		F438B1762527059A00742AA1 /* UIImageViewExtension.swift */ = {isa = PBXFileReference; lastKnownFileType = sourcecode.swift; path = UIImageViewExtension.swift; sourceTree = "<group>"; };
		F438B17D2527075800742AA1 /* UINavigationBarExtension.swift */ = {isa = PBXFileReference; lastKnownFileType = sourcecode.swift; path = UINavigationBarExtension.swift; sourceTree = "<group>"; };
		F438B1842527083A00742AA1 /* UINavigationControllerExtension.swift */ = {isa = PBXFileReference; lastKnownFileType = sourcecode.swift; path = UINavigationControllerExtension.swift; sourceTree = "<group>"; };
		F44064CB258B3CC400B3E466 /* Do.swift */ = {isa = PBXFileReference; fileEncoding = 4; lastKnownFileType = sourcecode.swift; path = Do.swift; sourceTree = "<group>"; };
		F44576A525409283002C69FB /* CollectionExtension.swift */ = {isa = PBXFileReference; lastKnownFileType = sourcecode.swift; path = CollectionExtension.swift; sourceTree = "<group>"; };
		F44576B4254095FC002C69FB /* UIVisualEffectViewExtension.swift */ = {isa = PBXFileReference; lastKnownFileType = sourcecode.swift; path = UIVisualEffectViewExtension.swift; sourceTree = "<group>"; };
		F44AB67B259083C100383CBC /* DataExtension.swift */ = {isa = PBXFileReference; fileEncoding = 4; lastKnownFileType = sourcecode.swift; path = DataExtension.swift; sourceTree = "<group>"; };
		F44AB682259083D900383CBC /* UIStackViewExtension.swift */ = {isa = PBXFileReference; fileEncoding = 4; lastKnownFileType = sourcecode.swift; path = UIStackViewExtension.swift; sourceTree = "<group>"; };
		F472509B2584CB1D00BF7D57 /* CGAffineTransformExtension.swift */ = {isa = PBXFileReference; lastKnownFileType = sourcecode.swift; path = CGAffineTransformExtension.swift; sourceTree = "<group>"; };
		F473EB6E2538256B00C01D13 /* SPButton.swift */ = {isa = PBXFileReference; lastKnownFileType = sourcecode.swift; path = SPButton.swift; sourceTree = "<group>"; };
		F473EB752538258200C01D13 /* SPDimmedButton.swift */ = {isa = PBXFileReference; lastKnownFileType = sourcecode.swift; path = SPDimmedButton.swift; sourceTree = "<group>"; };
		F4768A2525570108005F5043 /* SPImageView.swift */ = {isa = PBXFileReference; lastKnownFileType = sourcecode.swift; path = SPImageView.swift; sourceTree = "<group>"; };
		F476EEB425605479001EEE74 /* SPTableController.swift */ = {isa = PBXFileReference; lastKnownFileType = sourcecode.swift; path = SPTableController.swift; sourceTree = "<group>"; };
		F476EEF625607675001EEE74 /* SPTableHeaderFooterView.swift */ = {isa = PBXFileReference; lastKnownFileType = sourcecode.swift; path = SPTableHeaderFooterView.swift; sourceTree = "<group>"; };
		F49223C52551CC1A0039A5E9 /* SparrowKit.podspec */ = {isa = PBXFileReference; lastKnownFileType = text; path = SparrowKit.podspec; sourceTree = "<group>"; };
		F4A6A59625303EA500A11A7B /* NSUserActivityExtension.swift */ = {isa = PBXFileReference; lastKnownFileType = sourcecode.swift; path = NSUserActivityExtension.swift; sourceTree = "<group>"; };
		F4ACC347251CCEC90073F10E /* UIFeedbackGeneratorExtension.swift */ = {isa = PBXFileReference; lastKnownFileType = sourcecode.swift; path = UIFeedbackGeneratorExtension.swift; sourceTree = "<group>"; };
		F4ACC349251CCEC90073F10E /* Delay.swift */ = {isa = PBXFileReference; lastKnownFileType = sourcecode.swift; path = Delay.swift; sourceTree = "<group>"; };
		F4ACC34F251CCF1F0073F10E /* SparrowKit_iOS.framework */ = {isa = PBXFileReference; explicitFileType = wrapper.framework; includeInIndex = 0; path = SparrowKit_iOS.framework; sourceTree = BUILT_PRODUCTS_DIR; };
		F4ACC352251CCF200073F10E /* SparrowKit.h */ = {isa = PBXFileReference; lastKnownFileType = sourcecode.c.h; path = SparrowKit.h; sourceTree = "<group>"; };
		F4ACC353251CCF200073F10E /* Info.plist */ = {isa = PBXFileReference; lastKnownFileType = text.plist.xml; path = Info.plist; sourceTree = "<group>"; };
		F4ACC35E251CD08F0073F10E /* LocaleExtension.swift */ = {isa = PBXFileReference; lastKnownFileType = sourcecode.swift; path = LocaleExtension.swift; sourceTree = "<group>"; };
		F4BEB0872524DD5A00552E88 /* CGRectExtension.swift */ = {isa = PBXFileReference; lastKnownFileType = sourcecode.swift; path = CGRectExtension.swift; sourceTree = "<group>"; };
		F4BEB08F2524DE3800552E88 /* CGSizeExtensions.swift */ = {isa = PBXFileReference; lastKnownFileType = sourcecode.swift; path = CGSizeExtensions.swift; sourceTree = "<group>"; };
		F4BEB0942524DEAF00552E88 /* CGPointExtension.swift */ = {isa = PBXFileReference; lastKnownFileType = sourcecode.swift; path = CGPointExtension.swift; sourceTree = "<group>"; };
		F4BEB0AE2524E08E00552E88 /* UIAlertControllerExtension.swift */ = {isa = PBXFileReference; lastKnownFileType = sourcecode.swift; path = UIAlertControllerExtension.swift; sourceTree = "<group>"; };
		F4C39A9F255F00900000E0A2 /* SPAppDelegate.swift */ = {isa = PBXFileReference; lastKnownFileType = sourcecode.swift; path = SPAppDelegate.swift; sourceTree = "<group>"; };
		F4C39AA6255F05200000E0A2 /* SPCollectionViewCell.swift */ = {isa = PBXFileReference; lastKnownFileType = sourcecode.swift; path = SPCollectionViewCell.swift; sourceTree = "<group>"; };
		F4C39ADD255F05E90000E0A2 /* SPCollectionReusableView.swift */ = {isa = PBXFileReference; lastKnownFileType = sourcecode.swift; path = SPCollectionReusableView.swift; sourceTree = "<group>"; };
		F4C5969D2552C9330002D5E6 /* SPSlider.swift */ = {isa = PBXFileReference; lastKnownFileType = sourcecode.swift; path = SPSlider.swift; sourceTree = "<group>"; };
		F4D073352559A6D4008DA80E /* SPController.swift */ = {isa = PBXFileReference; lastKnownFileType = sourcecode.swift; path = SPController.swift; sourceTree = "<group>"; };
		F4D073502559A95F008DA80E /* SPCollectionController.swift */ = {isa = PBXFileReference; lastKnownFileType = sourcecode.swift; path = SPCollectionController.swift; sourceTree = "<group>"; };
		F4D6FAED256640110046A328 /* SPAppWindowDelegate.swift */ = {isa = PBXFileReference; lastKnownFileType = sourcecode.swift; path = SPAppWindowDelegate.swift; sourceTree = "<group>"; };
		F4D6FAF72566401E0046A328 /* SPAppScenesDelegate.swift */ = {isa = PBXFileReference; lastKnownFileType = sourcecode.swift; path = SPAppScenesDelegate.swift; sourceTree = "<group>"; };
		F4D6FB00256640BB0046A328 /* SPWindowSceneDelegate.swift */ = {isa = PBXFileReference; lastKnownFileType = sourcecode.swift; path = SPWindowSceneDelegate.swift; sourceTree = "<group>"; };
		F4D75C36252C5D79003FB0E7 /* SPLogger.swift */ = {isa = PBXFileReference; lastKnownFileType = sourcecode.swift; path = SPLogger.swift; sourceTree = "<group>"; };
		F4D83C2A25591BE600097F51 /* SPTableViewCell.swift */ = {isa = PBXFileReference; lastKnownFileType = sourcecode.swift; path = SPTableViewCell.swift; sourceTree = "<group>"; };
		F4E282C2255FE97100E129D0 /* UIDeviceExtenshion.swift */ = {isa = PBXFileReference; lastKnownFileType = sourcecode.swift; path = UIDeviceExtenshion.swift; sourceTree = "<group>"; };
		F4E512512525AC2E00F441CB /* UIApplicationExtension.swift */ = {isa = PBXFileReference; lastKnownFileType = sourcecode.swift; path = UIApplicationExtension.swift; sourceTree = "<group>"; };
		F4E512582525ACBD00F441CB /* UIBezierPathExtension.swift */ = {isa = PBXFileReference; lastKnownFileType = sourcecode.swift; path = UIBezierPathExtension.swift; sourceTree = "<group>"; };
		F4E5125F2525AD0E00F441CB /* UIButtonExtension.swift */ = {isa = PBXFileReference; lastKnownFileType = sourcecode.swift; path = UIButtonExtension.swift; sourceTree = "<group>"; };
		F4E512662525ADD700F441CB /* UIColorExtension.swift */ = {isa = PBXFileReference; lastKnownFileType = sourcecode.swift; path = UIColorExtension.swift; sourceTree = "<group>"; };
		F4E512832525AE5D00F441CB /* UIFontExtension.swift */ = {isa = PBXFileReference; lastKnownFileType = sourcecode.swift; path = UIFontExtension.swift; sourceTree = "<group>"; };
		F4E5128A2525B21500F441CB /* UILabelExtension.swift */ = {isa = PBXFileReference; lastKnownFileType = sourcecode.swift; path = UILabelExtension.swift; sourceTree = "<group>"; };
		F4E512912525B3B900F441CB /* UISwitchExtension.swift */ = {isa = PBXFileReference; lastKnownFileType = sourcecode.swift; path = UISwitchExtension.swift; sourceTree = "<group>"; };
		F4EA2A50256ED15A00203860 /* NotificationCenterExtension.swift */ = {isa = PBXFileReference; lastKnownFileType = sourcecode.swift; path = NotificationCenterExtension.swift; sourceTree = "<group>"; };
		F4EB4F242556A98A006113A3 /* UITabBarControllerExtension.swift */ = {isa = PBXFileReference; lastKnownFileType = sourcecode.swift; path = UITabBarControllerExtension.swift; sourceTree = "<group>"; };
		F4F00F38251E424700A86CAD /* CalendarExtension.swift */ = {isa = PBXFileReference; lastKnownFileType = sourcecode.swift; path = CalendarExtension.swift; sourceTree = "<group>"; };
		F4F00F3F251E42CF00A86CAD /* DateExtension.swift */ = {isa = PBXFileReference; lastKnownFileType = sourcecode.swift; path = DateExtension.swift; sourceTree = "<group>"; };
		F4F88C84256C484E0002627D /* NSObjectExtension.swift */ = {isa = PBXFileReference; lastKnownFileType = sourcecode.swift; path = NSObjectExtension.swift; sourceTree = "<group>"; };
/* End PBXFileReference section */

/* Begin PBXFrameworksBuildPhase section */
		F434238E251CDCCB0094F319 /* Frameworks */ = {
			isa = PBXFrameworksBuildPhase;
			buildActionMask = 2147483647;
			files = (
			);
			runOnlyForDeploymentPostprocessing = 0;
		};
		F43423A1251CDD450094F319 /* Frameworks */ = {
			isa = PBXFrameworksBuildPhase;
			buildActionMask = 2147483647;
			files = (
			);
			runOnlyForDeploymentPostprocessing = 0;
		};
		F4ACC34C251CCF1F0073F10E /* Frameworks */ = {
			isa = PBXFrameworksBuildPhase;
			buildActionMask = 2147483647;
			files = (
			);
			runOnlyForDeploymentPostprocessing = 0;
		};
/* End PBXFrameworksBuildPhase section */

/* Begin PBXGroup section */
		F4088FE525284E35007D4F94 /* Extensions */ = {
			isa = PBXGroup;
			children = (
				F44AB682259083D900383CBC /* UIStackViewExtension.swift */,
				F40C0CC92522001500B9C1C2 /* UIViewExtension.swift */,
				F4BEB0AE2524E08E00552E88 /* UIAlertControllerExtension.swift */,
				F4ACC347251CCEC90073F10E /* UIFeedbackGeneratorExtension.swift */,
				F4E512512525AC2E00F441CB /* UIApplicationExtension.swift */,
				F4E512582525ACBD00F441CB /* UIBezierPathExtension.swift */,
				F4E5125F2525AD0E00F441CB /* UIButtonExtension.swift */,
				F4E512662525ADD700F441CB /* UIColorExtension.swift */,
				F4E512832525AE5D00F441CB /* UIFontExtension.swift */,
				F4E5128A2525B21500F441CB /* UILabelExtension.swift */,
				F4E512912525B3B900F441CB /* UISwitchExtension.swift */,
				F438B1612527035600742AA1 /* UICollectionViewExtension.swift */,
				F438B1682527045600742AA1 /* UIGestureRecognizerExtension.swift */,
				F438B16F2527047700742AA1 /* UIImageExtension.swift */,
				F438B1762527059A00742AA1 /* UIImageViewExtension.swift */,
				F438B17D2527075800742AA1 /* UINavigationBarExtension.swift */,
				F438B1842527083A00742AA1 /* UINavigationControllerExtension.swift */,
				F4088FB425284883007D4F94 /* UIScrollViewExtension.swift */,
				F4088FBB25284940007D4F94 /* UISegmentedControlExtension.swift */,
				F4088FC22528497F007D4F94 /* UISliderExtension.swift */,
				F4088FC925284A0C007D4F94 /* UITableViewExtension.swift */,
				F4088FD025284B14007D4F94 /* UIViewControllerExtension.swift */,
				F4088FD725284BC8007D4F94 /* UISceneConfigurationExntension.swift */,
				F44576B4254095FC002C69FB /* UIVisualEffectViewExtension.swift */,
				F4140FCC25514DCE00EBC77E /* UIEdgeInsetsExtension.swift */,
				F4EB4F242556A98A006113A3 /* UITabBarControllerExtension.swift */,
				F4E282C2255FE97100E129D0 /* UIDeviceExtenshion.swift */,
			);
			path = Extensions;
			sourceTree = "<group>";
		};
		F4088FE625284E44007D4F94 /* Classes */ = {
			isa = PBXGroup;
			children = (
				F4D6FAEC256640020046A328 /* AppDelegate */,
				F476EEBC256054A6001EEE74 /* Table */,
				F476EEBB25605497001EEE74 /* Collection */,
				F4088FE725284E69007D4F94 /* SPView.swift */,
				F408900C25284F40007D4F94 /* SPLabel.swift */,
				F408901325284FD9007D4F94 /* SPScrollView.swift */,
				F473EB6E2538256B00C01D13 /* SPButton.swift */,
				F473EB752538258200C01D13 /* SPDimmedButton.swift */,
				F4C5969D2552C9330002D5E6 /* SPSlider.swift */,
				F4768A2525570108005F5043 /* SPImageView.swift */,
				F4D073352559A6D4008DA80E /* SPController.swift */,
			);
			path = Classes;
			sourceTree = "<group>";
		};
		F4342358251CD8350094F319 /* Supporting Files */ = {
			isa = PBXGroup;
			children = (
				F4ACC352251CCF200073F10E /* SparrowKit.h */,
				F4ACC353251CCF200073F10E /* Info.plist */,
			);
			path = "Supporting Files";
			sourceTree = "<group>";
		};
		F4342371251CDB8D0094F319 /* .github */ = {
			isa = PBXGroup;
			children = (
				F4342372251CDB8D0094F319 /* FUNDING.yml */,
			);
			path = .github;
			sourceTree = "<group>";
		};
		F476EEBB25605497001EEE74 /* Collection */ = {
			isa = PBXGroup;
			children = (
				F4088FF125284EAB007D4F94 /* SPCollectionView.swift */,
				F4D073502559A95F008DA80E /* SPCollectionController.swift */,
				F4C39AA6255F05200000E0A2 /* SPCollectionViewCell.swift */,
				F4C39ADD255F05E90000E0A2 /* SPCollectionReusableView.swift */,
			);
			path = Collection;
			sourceTree = "<group>";
		};
		F476EEBC256054A6001EEE74 /* Table */ = {
			isa = PBXGroup;
			children = (
				F4088FF825284EB5007D4F94 /* SPTableView.swift */,
				F4D83C2A25591BE600097F51 /* SPTableViewCell.swift */,
				F476EEB425605479001EEE74 /* SPTableController.swift */,
				F476EEF625607675001EEE74 /* SPTableHeaderFooterView.swift */,
			);
			path = Table;
			sourceTree = "<group>";
		};
		F4ACC33C251CCE490073F10E = {
			isa = PBXGroup;
			children = (
				F4342371251CDB8D0094F319 /* .github */,
				F4342366251CDB8D0094F319 /* .gitignore */,
				F4342364251CDB8D0094F319 /* LICENSE */,
				F49223C52551CC1A0039A5E9 /* SparrowKit.podspec */,
				F4342365251CDB8D0094F319 /* Package.swift */,
				F4342373251CDB8D0094F319 /* README.md */,
				F4ACC344251CCEC90073F10E /* Sources */,
				F4ACC350251CCF1F0073F10E /* Products */,
			);
			sourceTree = "<group>";
		};
		F4ACC344251CCEC90073F10E /* Sources */ = {
			isa = PBXGroup;
			children = (
				F4ACC345251CCEC90073F10E /* SparrowKit */,
				F4342358251CD8350094F319 /* Supporting Files */,
			);
			path = Sources;
			sourceTree = "<group>";
		};
		F4ACC345251CCEC90073F10E /* SparrowKit */ = {
			isa = PBXGroup;
			children = (
				F4D75C35252C5D71003FB0E7 /* os */,
				F4BEB0862524DD3A00552E88 /* CoreGraphics */,
				F4ACC346251CCEC90073F10E /* UIKit */,
				F4ACC348251CCEC90073F10E /* Foundation */,
			);
			path = SparrowKit;
			sourceTree = "<group>";
		};
		F4ACC346251CCEC90073F10E /* UIKit */ = {
			isa = PBXGroup;
			children = (
				F4088FE625284E44007D4F94 /* Classes */,
				F4088FE525284E35007D4F94 /* Extensions */,
			);
			path = UIKit;
			sourceTree = "<group>";
		};
		F4ACC348251CCEC90073F10E /* Foundation */ = {
			isa = PBXGroup;
			children = (
				F44AB67B259083C100383CBC /* DataExtension.swift */,
				F44064CB258B3CC400B3E466 /* Do.swift */,
				F4ACC35E251CD08F0073F10E /* LocaleExtension.swift */,
				F4ACC349251CCEC90073F10E /* Delay.swift */,
				F4342349251CD5F10094F319 /* UserDefaultsExtension.swift */,
				F4F00F38251E424700A86CAD /* CalendarExtension.swift */,
				F4F00F3F251E42CF00A86CAD /* DateExtension.swift */,
				F408901A252850A2007D4F94 /* StringExtension.swift */,
				F408902125288CC1007D4F94 /* BoolExtension.swift */,
				F4A6A59625303EA500A11A7B /* NSUserActivityExtension.swift */,
				F44576A525409283002C69FB /* CollectionExtension.swift */,
				F4F88C84256C484E0002627D /* NSObjectExtension.swift */,
				F4EA2A50256ED15A00203860 /* NotificationCenterExtension.swift */,
			);
			path = Foundation;
			sourceTree = "<group>";
		};
		F4ACC350251CCF1F0073F10E /* Products */ = {
			isa = PBXGroup;
			children = (
				F4ACC34F251CCF1F0073F10E /* SparrowKit_iOS.framework */,
				F4342391251CDCCB0094F319 /* SparrowKit_tvOS.framework */,
				F43423A4251CDD450094F319 /* SparrowKit_watchOS.framework */,
			);
			name = Products;
			sourceTree = "<group>";
		};
		F4BEB0862524DD3A00552E88 /* CoreGraphics */ = {
			isa = PBXGroup;
			children = (
				F4BEB0872524DD5A00552E88 /* CGRectExtension.swift */,
				F4BEB08F2524DE3800552E88 /* CGSizeExtensions.swift */,
				F4BEB0942524DEAF00552E88 /* CGPointExtension.swift */,
				F472509B2584CB1D00BF7D57 /* CGAffineTransformExtension.swift */,
			);
			path = CoreGraphics;
			sourceTree = "<group>";
		};
		F4D6FAEC256640020046A328 /* AppDelegate */ = {
			isa = PBXGroup;
			children = (
				F4D6FAFF256640850046A328 /* Window Scenes */,
				F4C39A9F255F00900000E0A2 /* SPAppDelegate.swift */,
				F4D6FAED256640110046A328 /* SPAppWindowDelegate.swift */,
				F4D6FAF72566401E0046A328 /* SPAppScenesDelegate.swift */,
			);
			path = AppDelegate;
			sourceTree = "<group>";
		};
		F4D6FAFF256640850046A328 /* Window Scenes */ = {
			isa = PBXGroup;
			children = (
				F4D6FB00256640BB0046A328 /* SPWindowSceneDelegate.swift */,
			);
			path = "Window Scenes";
			sourceTree = "<group>";
		};
		F4D75C35252C5D71003FB0E7 /* os */ = {
			isa = PBXGroup;
			children = (
				F4D75C36252C5D79003FB0E7 /* SPLogger.swift */,
			);
			path = os;
			sourceTree = "<group>";
		};
/* End PBXGroup section */

/* Begin PBXHeadersBuildPhase section */
		F434238C251CDCCB0094F319 /* Headers */ = {
			isa = PBXHeadersBuildPhase;
			buildActionMask = 2147483647;
			files = (
			);
			runOnlyForDeploymentPostprocessing = 0;
		};
		F434239F251CDD450094F319 /* Headers */ = {
			isa = PBXHeadersBuildPhase;
			buildActionMask = 2147483647;
			files = (
			);
			runOnlyForDeploymentPostprocessing = 0;
		};
		F4ACC34A251CCF1F0073F10E /* Headers */ = {
			isa = PBXHeadersBuildPhase;
			buildActionMask = 2147483647;
			files = (
				F4ACC354251CCF200073F10E /* SparrowKit.h in Headers */,
			);
			runOnlyForDeploymentPostprocessing = 0;
		};
/* End PBXHeadersBuildPhase section */

/* Begin PBXNativeTarget section */
		F4342390251CDCCB0094F319 /* SparrowKit tvOS */ = {
			isa = PBXNativeTarget;
			buildConfigurationList = F4342396251CDCCB0094F319 /* Build configuration list for PBXNativeTarget "SparrowKit tvOS" */;
			buildPhases = (
				F434238C251CDCCB0094F319 /* Headers */,
				F434238D251CDCCB0094F319 /* Sources */,
				F434238E251CDCCB0094F319 /* Frameworks */,
				F434238F251CDCCB0094F319 /* Resources */,
			);
			buildRules = (
			);
			dependencies = (
			);
			name = "SparrowKit tvOS";
			productName = "SparrowKit tvOS";
			productReference = F4342391251CDCCB0094F319 /* SparrowKit_tvOS.framework */;
			productType = "com.apple.product-type.framework";
		};
		F43423A3251CDD450094F319 /* SparrowKit watchOS */ = {
			isa = PBXNativeTarget;
			buildConfigurationList = F43423A9251CDD450094F319 /* Build configuration list for PBXNativeTarget "SparrowKit watchOS" */;
			buildPhases = (
				F434239F251CDD450094F319 /* Headers */,
				F43423A0251CDD450094F319 /* Sources */,
				F43423A1251CDD450094F319 /* Frameworks */,
				F43423A2251CDD450094F319 /* Resources */,
			);
			buildRules = (
			);
			dependencies = (
			);
			name = "SparrowKit watchOS";
			productName = "SparrowKit watchOS";
			productReference = F43423A4251CDD450094F319 /* SparrowKit_watchOS.framework */;
			productType = "com.apple.product-type.framework";
		};
		F4ACC34E251CCF1F0073F10E /* SparrowKit iOS */ = {
			isa = PBXNativeTarget;
			buildConfigurationList = F4ACC355251CCF200073F10E /* Build configuration list for PBXNativeTarget "SparrowKit iOS" */;
			buildPhases = (
				F4ACC34A251CCF1F0073F10E /* Headers */,
				F4ACC34B251CCF1F0073F10E /* Sources */,
				F4ACC34C251CCF1F0073F10E /* Frameworks */,
				F4ACC34D251CCF1F0073F10E /* Resources */,
			);
			buildRules = (
			);
			dependencies = (
			);
			name = "SparrowKit iOS";
			productName = "SparrowKit-iOS";
			productReference = F4ACC34F251CCF1F0073F10E /* SparrowKit_iOS.framework */;
			productType = "com.apple.product-type.framework";
		};
/* End PBXNativeTarget section */

/* Begin PBXProject section */
		F4ACC33D251CCE490073F10E /* Project object */ = {
			isa = PBXProject;
			attributes = {
				LastUpgradeCheck = 1210;
				TargetAttributes = {
					F4342390251CDCCB0094F319 = {
						CreatedOnToolsVersion = 12.0;
					};
					F43423A3251CDD450094F319 = {
						CreatedOnToolsVersion = 12.0;
					};
					F4ACC34E251CCF1F0073F10E = {
						CreatedOnToolsVersion = 12.0;
					};
				};
			};
			buildConfigurationList = F4ACC340251CCE490073F10E /* Build configuration list for PBXProject "SparrowKit" */;
			compatibilityVersion = "Xcode 9.3";
			developmentRegion = en;
			hasScannedForEncodings = 0;
			knownRegions = (
				en,
				Base,
			);
			mainGroup = F4ACC33C251CCE490073F10E;
			productRefGroup = F4ACC350251CCF1F0073F10E /* Products */;
			projectDirPath = "";
			projectRoot = "";
			targets = (
				F4ACC34E251CCF1F0073F10E /* SparrowKit iOS */,
				F4342390251CDCCB0094F319 /* SparrowKit tvOS */,
				F43423A3251CDD450094F319 /* SparrowKit watchOS */,
			);
		};
/* End PBXProject section */

/* Begin PBXResourcesBuildPhase section */
		F434238F251CDCCB0094F319 /* Resources */ = {
			isa = PBXResourcesBuildPhase;
			buildActionMask = 2147483647;
			files = (
			);
			runOnlyForDeploymentPostprocessing = 0;
		};
		F43423A2251CDD450094F319 /* Resources */ = {
			isa = PBXResourcesBuildPhase;
			buildActionMask = 2147483647;
			files = (
			);
			runOnlyForDeploymentPostprocessing = 0;
		};
		F4ACC34D251CCF1F0073F10E /* Resources */ = {
			isa = PBXResourcesBuildPhase;
			buildActionMask = 2147483647;
			files = (
			);
			runOnlyForDeploymentPostprocessing = 0;
		};
/* End PBXResourcesBuildPhase section */

/* Begin PBXSourcesBuildPhase section */
		F434238D251CDCCB0094F319 /* Sources */ = {
			isa = PBXSourcesBuildPhase;
			buildActionMask = 2147483647;
			files = (
				F4140FCE25514DCE00EBC77E /* UIEdgeInsetsExtension.swift in Sources */,
				F408901C252850A2007D4F94 /* StringExtension.swift in Sources */,
				F473EB702538256B00C01D13 /* SPButton.swift in Sources */,
				F43423BD251CDDDD0094F319 /* UserDefaultsExtension.swift in Sources */,
				F408902325288CC1007D4F94 /* BoolExtension.swift in Sources */,
				F40C0CCB2522001500B9C1C2 /* UIViewExtension.swift in Sources */,
				F4F88C86256C484E0002627D /* NSObjectExtension.swift in Sources */,
				F4D83C2C25591BE600097F51 /* SPTableViewCell.swift in Sources */,
				F472509D2584CB1D00BF7D57 /* CGAffineTransformExtension.swift in Sources */,
				F4088FD925284BC8007D4F94 /* UISceneConfigurationExntension.swift in Sources */,
				F4EB4F262556A98A006113A3 /* UITabBarControllerExtension.swift in Sources */,
				F4F00F41251E42CF00A86CAD /* DateExtension.swift in Sources */,
				F4E282C4255FE97100E129D0 /* UIDeviceExtenshion.swift in Sources */,
				F4088FF325284EAB007D4F94 /* SPCollectionView.swift in Sources */,
				F438B17F2527075800742AA1 /* UINavigationBarExtension.swift in Sources */,
				F476EEB625605479001EEE74 /* SPTableController.swift in Sources */,
				F4088FE925284E69007D4F94 /* SPView.swift in Sources */,
				F44576B6254095FC002C69FB /* UIVisualEffectViewExtension.swift in Sources */,
				F43423BC251CDDDD0094F319 /* Delay.swift in Sources */,
				F476EEF825607675001EEE74 /* SPTableHeaderFooterView.swift in Sources */,
				F408901525284FD9007D4F94 /* SPScrollView.swift in Sources */,
				F44AB684259083D900383CBC /* UIStackViewExtension.swift in Sources */,
				F4E5128C2525B21500F441CB /* UILabelExtension.swift in Sources */,
				F4E512702525AE4700F441CB /* UIApplicationExtension.swift in Sources */,
				F4768A2725570108005F5043 /* SPImageView.swift in Sources */,
				F4088FCB25284A0C007D4F94 /* UITableViewExtension.swift in Sources */,
				F4C5969F2552C9330002D5E6 /* SPSlider.swift in Sources */,
				F4D073522559A95F008DA80E /* SPCollectionController.swift in Sources */,
				F43423BF251CDDDD0094F319 /* LocaleExtension.swift in Sources */,
				F4E512852525AE5D00F441CB /* UIFontExtension.swift in Sources */,
				F4088FFA25284EB5007D4F94 /* SPTableView.swift in Sources */,
				F4D6FAEF256640110046A328 /* SPAppWindowDelegate.swift in Sources */,
				F4E512732525AE4700F441CB /* UIFeedbackGeneratorExtension.swift in Sources */,
				F4088FBD25284940007D4F94 /* UISegmentedControlExtension.swift in Sources */,
				F438B1712527047700742AA1 /* UIImageExtension.swift in Sources */,
				F4BEB09C2524DF1F00552E88 /* CGPointExtension.swift in Sources */,
				F4088FD225284B14007D4F94 /* UIViewControllerExtension.swift in Sources */,
				F473EB772538258200C01D13 /* SPDimmedButton.swift in Sources */,
				F44AB67D259083C100383CBC /* DataExtension.swift in Sources */,
				F4D6FAF92566401E0046A328 /* SPAppScenesDelegate.swift in Sources */,
				F4E512722525AE4700F441CB /* UIButtonExtension.swift in Sources */,
				F4088FB625284883007D4F94 /* UIScrollViewExtension.swift in Sources */,
				F4E512742525AE4700F441CB /* UIColorExtension.swift in Sources */,
				F4A6A59825303EA500A11A7B /* NSUserActivityExtension.swift in Sources */,
				F4088FC42528497F007D4F94 /* UISliderExtension.swift in Sources */,
				F4C39AA8255F05200000E0A2 /* SPCollectionViewCell.swift in Sources */,
				F4BEB0BA2524E1F900552E88 /* UIAlertControllerExtension.swift in Sources */,
				F4FC3612253ACC6D004A9312 /* SPLogger.swift in Sources */,
				F4BEB0A52524DF2100552E88 /* CGRectExtension.swift in Sources */,
				F44064CD258B3CC400B3E466 /* Do.swift in Sources */,
				F44576A725409283002C69FB /* CollectionExtension.swift in Sources */,
				F4C39AA1255F00900000E0A2 /* SPAppDelegate.swift in Sources */,
				F4EA2A52256ED15A00203860 /* NotificationCenterExtension.swift in Sources */,
				F4BEB0A42524DF2100552E88 /* CGSizeExtensions.swift in Sources */,
				F438B1632527035600742AA1 /* UICollectionViewExtension.swift in Sources */,
				F4E512932525B3B900F441CB /* UISwitchExtension.swift in Sources */,
				F4D6FB02256640BB0046A328 /* SPWindowSceneDelegate.swift in Sources */,
				F4D073372559A6D4008DA80E /* SPController.swift in Sources */,
				F438B1862527083A00742AA1 /* UINavigationControllerExtension.swift in Sources */,
				F4F00F3A251E424700A86CAD /* CalendarExtension.swift in Sources */,
				F4E512712525AE4700F441CB /* UIBezierPathExtension.swift in Sources */,
				F4C39ADF255F05E90000E0A2 /* SPCollectionReusableView.swift in Sources */,
				F438B1782527059A00742AA1 /* UIImageViewExtension.swift in Sources */,
				F438B16A2527045600742AA1 /* UIGestureRecognizerExtension.swift in Sources */,
				F408900E25284F40007D4F94 /* SPLabel.swift in Sources */,
			);
			runOnlyForDeploymentPostprocessing = 0;
		};
		F43423A0251CDD450094F319 /* Sources */ = {
			isa = PBXSourcesBuildPhase;
			buildActionMask = 2147483647;
			files = (
				F4140FCF25514DCE00EBC77E /* UIEdgeInsetsExtension.swift in Sources */,
				F408901D252850A2007D4F94 /* StringExtension.swift in Sources */,
				F473EB712538256B00C01D13 /* SPButton.swift in Sources */,
				F43423B6251CDDDC0094F319 /* UserDefaultsExtension.swift in Sources */,
				F408902425288CC1007D4F94 /* BoolExtension.swift in Sources */,
				F40C0CCC2522001500B9C1C2 /* UIViewExtension.swift in Sources */,
				F4F88C87256C484E0002627D /* NSObjectExtension.swift in Sources */,
				F4D83C2D25591BE600097F51 /* SPTableViewCell.swift in Sources */,
				F472509E2584CB1D00BF7D57 /* CGAffineTransformExtension.swift in Sources */,
				F4088FDA25284BC8007D4F94 /* UISceneConfigurationExntension.swift in Sources */,
				F4EB4F272556A98A006113A3 /* UITabBarControllerExtension.swift in Sources */,
				F4F00F42251E42CF00A86CAD /* DateExtension.swift in Sources */,
				F4E282C5255FE97100E129D0 /* UIDeviceExtenshion.swift in Sources */,
				F4088FF425284EAB007D4F94 /* SPCollectionView.swift in Sources */,
				F438B1802527075800742AA1 /* UINavigationBarExtension.swift in Sources */,
				F476EEB725605479001EEE74 /* SPTableController.swift in Sources */,
				F4088FEA25284E69007D4F94 /* SPView.swift in Sources */,
				F44576B7254095FC002C69FB /* UIVisualEffectViewExtension.swift in Sources */,
				F43423B5251CDDDC0094F319 /* Delay.swift in Sources */,
				F476EEF925607675001EEE74 /* SPTableHeaderFooterView.swift in Sources */,
				F408901625284FD9007D4F94 /* SPScrollView.swift in Sources */,
				F44AB685259083D900383CBC /* UIStackViewExtension.swift in Sources */,
				F4E5128D2525B21500F441CB /* UILabelExtension.swift in Sources */,
				F4E5127B2525AE4800F441CB /* UIApplicationExtension.swift in Sources */,
				F4768A2825570108005F5043 /* SPImageView.swift in Sources */,
				F4088FCC25284A0C007D4F94 /* UITableViewExtension.swift in Sources */,
				F4C596A02552C9330002D5E6 /* SPSlider.swift in Sources */,
				F4D073532559A95F008DA80E /* SPCollectionController.swift in Sources */,
				F43423B8251CDDDC0094F319 /* LocaleExtension.swift in Sources */,
				F4E512862525AE5D00F441CB /* UIFontExtension.swift in Sources */,
				F4088FFB25284EB5007D4F94 /* SPTableView.swift in Sources */,
				F4D6FAF0256640110046A328 /* SPAppWindowDelegate.swift in Sources */,
				F4E5127E2525AE4800F441CB /* UIFeedbackGeneratorExtension.swift in Sources */,
				F4088FBE25284940007D4F94 /* UISegmentedControlExtension.swift in Sources */,
				F438B1722527047700742AA1 /* UIImageExtension.swift in Sources */,
				F4BEB0A02524DF1F00552E88 /* CGPointExtension.swift in Sources */,
				F4088FD325284B14007D4F94 /* UIViewControllerExtension.swift in Sources */,
				F473EB782538258200C01D13 /* SPDimmedButton.swift in Sources */,
				F44AB67E259083C100383CBC /* DataExtension.swift in Sources */,
				F4D6FAFA2566401E0046A328 /* SPAppScenesDelegate.swift in Sources */,
				F4E5127D2525AE4800F441CB /* UIButtonExtension.swift in Sources */,
				F4088FB725284883007D4F94 /* UIScrollViewExtension.swift in Sources */,
				F4E5127F2525AE4800F441CB /* UIColorExtension.swift in Sources */,
				F4A6A59925303EA500A11A7B /* NSUserActivityExtension.swift in Sources */,
				F4088FC52528497F007D4F94 /* UISliderExtension.swift in Sources */,
				F4C39AA9255F05200000E0A2 /* SPCollectionViewCell.swift in Sources */,
				F4BEB0B62524E1F800552E88 /* UIAlertControllerExtension.swift in Sources */,
				F4FC3611253ACC6C004A9312 /* SPLogger.swift in Sources */,
				F4BEB0AA2524DF2200552E88 /* CGRectExtension.swift in Sources */,
				F44064CE258B3CC400B3E466 /* Do.swift in Sources */,
				F44576A825409283002C69FB /* CollectionExtension.swift in Sources */,
				F4C39AA2255F00900000E0A2 /* SPAppDelegate.swift in Sources */,
				F4EA2A53256ED15A00203860 /* NotificationCenterExtension.swift in Sources */,
				F4BEB0A92524DF2200552E88 /* CGSizeExtensions.swift in Sources */,
				F438B1642527035600742AA1 /* UICollectionViewExtension.swift in Sources */,
				F4E512942525B3B900F441CB /* UISwitchExtension.swift in Sources */,
				F4D6FB03256640BB0046A328 /* SPWindowSceneDelegate.swift in Sources */,
				F4D073382559A6D4008DA80E /* SPController.swift in Sources */,
				F438B1872527083A00742AA1 /* UINavigationControllerExtension.swift in Sources */,
				F4F00F3B251E424700A86CAD /* CalendarExtension.swift in Sources */,
				F4E5127C2525AE4800F441CB /* UIBezierPathExtension.swift in Sources */,
				F4C39AE0255F05E90000E0A2 /* SPCollectionReusableView.swift in Sources */,
				F438B1792527059A00742AA1 /* UIImageViewExtension.swift in Sources */,
				F438B16B2527045600742AA1 /* UIGestureRecognizerExtension.swift in Sources */,
				F408900F25284F40007D4F94 /* SPLabel.swift in Sources */,
			);
			runOnlyForDeploymentPostprocessing = 0;
		};
		F4ACC34B251CCF1F0073F10E /* Sources */ = {
			isa = PBXSourcesBuildPhase;
			buildActionMask = 2147483647;
			files = (
				F4140FCD25514DCE00EBC77E /* UIEdgeInsetsExtension.swift in Sources */,
				F408901B252850A2007D4F94 /* StringExtension.swift in Sources */,
				F43423C7251CDDDE0094F319 /* UserDefaultsExtension.swift in Sources */,
				F408902225288CC1007D4F94 /* BoolExtension.swift in Sources */,
				F4BEB0882524DD5A00552E88 /* CGRectExtension.swift in Sources */,
				F4088FD825284BC8007D4F94 /* UISceneConfigurationExntension.swift in Sources */,
				F4F88C85256C484E0002627D /* NSObjectExtension.swift in Sources */,
				F4D83C2B25591BE600097F51 /* SPTableViewCell.swift in Sources */,
				F472509C2584CB1D00BF7D57 /* CGAffineTransformExtension.swift in Sources */,
				F4E512592525ACBD00F441CB /* UIBezierPathExtension.swift in Sources */,
				F4EB4F252556A98A006113A3 /* UITabBarControllerExtension.swift in Sources */,
				F4088FF225284EAB007D4F94 /* SPCollectionView.swift in Sources */,
				F4E282C3255FE97100E129D0 /* UIDeviceExtenshion.swift in Sources */,
				F438B17E2527075800742AA1 /* UINavigationBarExtension.swift in Sources */,
				F4088FE825284E69007D4F94 /* SPView.swift in Sources */,
				F476EEB525605479001EEE74 /* SPTableController.swift in Sources */,
				F40C0CCA2522001500B9C1C2 /* UIViewExtension.swift in Sources */,
				F44576B5254095FC002C69FB /* UIVisualEffectViewExtension.swift in Sources */,
				F408901425284FD9007D4F94 /* SPScrollView.swift in Sources */,
				F476EEF725607675001EEE74 /* SPTableHeaderFooterView.swift in Sources */,
				F4E5128B2525B21500F441CB /* UILabelExtension.swift in Sources */,
				F44AB683259083D900383CBC /* UIStackViewExtension.swift in Sources */,
				F4D75C37252C5D79003FB0E7 /* SPLogger.swift in Sources */,
				F4F00F40251E42CF00A86CAD /* DateExtension.swift in Sources */,
				F4768A2625570108005F5043 /* SPImageView.swift in Sources */,
				F4A6A59725303EA500A11A7B /* NSUserActivityExtension.swift in Sources */,
				F4088FCA25284A0C007D4F94 /* UITableViewExtension.swift in Sources */,
				F4C5969E2552C9330002D5E6 /* SPSlider.swift in Sources */,
				F4D073512559A95F008DA80E /* SPCollectionController.swift in Sources */,
				F43423C6251CDDDE0094F319 /* Delay.swift in Sources */,
				F4E512842525AE5D00F441CB /* UIFontExtension.swift in Sources */,
				F4D6FAEE256640110046A328 /* SPAppWindowDelegate.swift in Sources */,
				F4088FF925284EB5007D4F94 /* SPTableView.swift in Sources */,
				F43423C8251CDDDE0094F319 /* UIFeedbackGeneratorExtension.swift in Sources */,
				F4088FBC25284940007D4F94 /* UISegmentedControlExtension.swift in Sources */,
				F438B1702527047700742AA1 /* UIImageExtension.swift in Sources */,
				F4E512522525AC2E00F441CB /* UIApplicationExtension.swift in Sources */,
				F4088FD125284B14007D4F94 /* UIViewControllerExtension.swift in Sources */,
				F44AB67C259083C100383CBC /* DataExtension.swift in Sources */,
				F4D6FAF82566401E0046A328 /* SPAppScenesDelegate.swift in Sources */,
				F43423C9251CDDDE0094F319 /* LocaleExtension.swift in Sources */,
				F4088FB525284883007D4F94 /* UIScrollViewExtension.swift in Sources */,
				F4E512672525ADD700F441CB /* UIColorExtension.swift in Sources */,
				F473EB6F2538256B00C01D13 /* SPButton.swift in Sources */,
				F4088FC32528497F007D4F94 /* UISliderExtension.swift in Sources */,
				F4C39AA7255F05200000E0A2 /* SPCollectionViewCell.swift in Sources */,
				F4BEB0AF2524E08E00552E88 /* UIAlertControllerExtension.swift in Sources */,
				F4BEB0902524DE3800552E88 /* CGSizeExtensions.swift in Sources */,
				F4BEB0952524DEAF00552E88 /* CGPointExtension.swift in Sources */,
				F44064CC258B3CC400B3E466 /* Do.swift in Sources */,
				F44576A625409283002C69FB /* CollectionExtension.swift in Sources */,
				F4C39AA0255F00900000E0A2 /* SPAppDelegate.swift in Sources */,
				F4EA2A51256ED15A00203860 /* NotificationCenterExtension.swift in Sources */,
				F438B1622527035600742AA1 /* UICollectionViewExtension.swift in Sources */,
				F4E512922525B3B900F441CB /* UISwitchExtension.swift in Sources */,
				F438B1852527083A00742AA1 /* UINavigationControllerExtension.swift in Sources */,
				F4D6FB01256640BB0046A328 /* SPWindowSceneDelegate.swift in Sources */,
				F4D073362559A6D4008DA80E /* SPController.swift in Sources */,
				F473EB762538258200C01D13 /* SPDimmedButton.swift in Sources */,
				F4F00F39251E424700A86CAD /* CalendarExtension.swift in Sources */,
				F4E512602525AD0E00F441CB /* UIButtonExtension.swift in Sources */,
				F4C39ADE255F05E90000E0A2 /* SPCollectionReusableView.swift in Sources */,
				F438B1772527059A00742AA1 /* UIImageViewExtension.swift in Sources */,
				F438B1692527045600742AA1 /* UIGestureRecognizerExtension.swift in Sources */,
				F408900D25284F40007D4F94 /* SPLabel.swift in Sources */,
			);
			runOnlyForDeploymentPostprocessing = 0;
		};
/* End PBXSourcesBuildPhase section */

/* Begin XCBuildConfiguration section */
		F4342397251CDCCB0094F319 /* Debug */ = {
			isa = XCBuildConfiguration;
			buildSettings = {
				ALWAYS_SEARCH_USER_PATHS = NO;
				CLANG_ANALYZER_NONNULL = YES;
				CLANG_ANALYZER_NUMBER_OBJECT_CONVERSION = YES_AGGRESSIVE;
				CLANG_CXX_LANGUAGE_STANDARD = "gnu++14";
				CLANG_CXX_LIBRARY = "libc++";
				CLANG_ENABLE_MODULES = YES;
				CLANG_ENABLE_OBJC_ARC = YES;
				CLANG_ENABLE_OBJC_WEAK = YES;
				CLANG_WARN_BLOCK_CAPTURE_AUTORELEASING = YES;
				CLANG_WARN_BOOL_CONVERSION = YES;
				CLANG_WARN_COMMA = YES;
				CLANG_WARN_CONSTANT_CONVERSION = YES;
				CLANG_WARN_DEPRECATED_OBJC_IMPLEMENTATIONS = YES;
				CLANG_WARN_DIRECT_OBJC_ISA_USAGE = YES_ERROR;
				CLANG_WARN_DOCUMENTATION_COMMENTS = YES;
				CLANG_WARN_EMPTY_BODY = YES;
				CLANG_WARN_ENUM_CONVERSION = YES;
				CLANG_WARN_INFINITE_RECURSION = YES;
				CLANG_WARN_INT_CONVERSION = YES;
				CLANG_WARN_NON_LITERAL_NULL_CONVERSION = YES;
				CLANG_WARN_OBJC_IMPLICIT_RETAIN_SELF = YES;
				CLANG_WARN_OBJC_LITERAL_CONVERSION = YES;
				CLANG_WARN_OBJC_ROOT_CLASS = YES_ERROR;
				CLANG_WARN_QUOTED_INCLUDE_IN_FRAMEWORK_HEADER = YES;
				CLANG_WARN_RANGE_LOOP_ANALYSIS = YES;
				CLANG_WARN_STRICT_PROTOTYPES = YES;
				CLANG_WARN_SUSPICIOUS_MOVE = YES;
				CLANG_WARN_UNGUARDED_AVAILABILITY = YES_AGGRESSIVE;
				CLANG_WARN_UNREACHABLE_CODE = YES;
				CLANG_WARN__DUPLICATE_METHOD_MATCH = YES;
				CODE_SIGN_STYLE = Automatic;
				COPY_PHASE_STRIP = NO;
				CURRENT_PROJECT_VERSION = 1;
				DEBUG_INFORMATION_FORMAT = dwarf;
				DEFINES_MODULE = YES;
				DYLIB_COMPATIBILITY_VERSION = 1;
				DYLIB_CURRENT_VERSION = 1;
				DYLIB_INSTALL_NAME_BASE = "@rpath";
				ENABLE_STRICT_OBJC_MSGSEND = YES;
				ENABLE_TESTABILITY = YES;
				GCC_C_LANGUAGE_STANDARD = gnu11;
				GCC_DYNAMIC_NO_PIC = NO;
				GCC_NO_COMMON_BLOCKS = YES;
				GCC_OPTIMIZATION_LEVEL = 0;
				GCC_PREPROCESSOR_DEFINITIONS = (
					"DEBUG=1",
					"$(inherited)",
				);
				GCC_WARN_64_TO_32_BIT_CONVERSION = YES;
				GCC_WARN_ABOUT_RETURN_TYPE = YES_ERROR;
				GCC_WARN_UNDECLARED_SELECTOR = YES;
				GCC_WARN_UNINITIALIZED_AUTOS = YES_AGGRESSIVE;
				GCC_WARN_UNUSED_FUNCTION = YES;
				GCC_WARN_UNUSED_VARIABLE = YES;
				INFOPLIST_FILE = "$(SRCROOT)/Sources/Supporting Files/Info.plist";
				INSTALL_PATH = "$(LOCAL_LIBRARY_DIR)/Frameworks";
				IPHONEOS_DEPLOYMENT_TARGET = 14.0;
				LD_RUNPATH_SEARCH_PATHS = (
					"$(inherited)",
					"@executable_path/Frameworks",
					"@loader_path/Frameworks",
				);
				MTL_ENABLE_DEBUG_INFO = INCLUDE_SOURCE;
				MTL_FAST_MATH = YES;
				ONLY_ACTIVE_ARCH = YES;
				PRODUCT_BUNDLE_IDENTIFIER = "by.ivanvorobei.SparrowKit-tvOS";
				PRODUCT_NAME = "$(TARGET_NAME:c99extidentifier)";
				SDKROOT = appletvos;
				SKIP_INSTALL = YES;
				SWIFT_ACTIVE_COMPILATION_CONDITIONS = DEBUG;
				SWIFT_OPTIMIZATION_LEVEL = "-Onone";
				SWIFT_VERSION = 5.0;
				TARGETED_DEVICE_FAMILY = 3;
				TVOS_DEPLOYMENT_TARGET = 12.0;
				VERSIONING_SYSTEM = "apple-generic";
				VERSION_INFO_PREFIX = "";
			};
			name = Debug;
		};
		F4342398251CDCCB0094F319 /* Release */ = {
			isa = XCBuildConfiguration;
			buildSettings = {
				ALWAYS_SEARCH_USER_PATHS = NO;
				CLANG_ANALYZER_NONNULL = YES;
				CLANG_ANALYZER_NUMBER_OBJECT_CONVERSION = YES_AGGRESSIVE;
				CLANG_CXX_LANGUAGE_STANDARD = "gnu++14";
				CLANG_CXX_LIBRARY = "libc++";
				CLANG_ENABLE_MODULES = YES;
				CLANG_ENABLE_OBJC_ARC = YES;
				CLANG_ENABLE_OBJC_WEAK = YES;
				CLANG_WARN_BLOCK_CAPTURE_AUTORELEASING = YES;
				CLANG_WARN_BOOL_CONVERSION = YES;
				CLANG_WARN_COMMA = YES;
				CLANG_WARN_CONSTANT_CONVERSION = YES;
				CLANG_WARN_DEPRECATED_OBJC_IMPLEMENTATIONS = YES;
				CLANG_WARN_DIRECT_OBJC_ISA_USAGE = YES_ERROR;
				CLANG_WARN_DOCUMENTATION_COMMENTS = YES;
				CLANG_WARN_EMPTY_BODY = YES;
				CLANG_WARN_ENUM_CONVERSION = YES;
				CLANG_WARN_INFINITE_RECURSION = YES;
				CLANG_WARN_INT_CONVERSION = YES;
				CLANG_WARN_NON_LITERAL_NULL_CONVERSION = YES;
				CLANG_WARN_OBJC_IMPLICIT_RETAIN_SELF = YES;
				CLANG_WARN_OBJC_LITERAL_CONVERSION = YES;
				CLANG_WARN_OBJC_ROOT_CLASS = YES_ERROR;
				CLANG_WARN_QUOTED_INCLUDE_IN_FRAMEWORK_HEADER = YES;
				CLANG_WARN_RANGE_LOOP_ANALYSIS = YES;
				CLANG_WARN_STRICT_PROTOTYPES = YES;
				CLANG_WARN_SUSPICIOUS_MOVE = YES;
				CLANG_WARN_UNGUARDED_AVAILABILITY = YES_AGGRESSIVE;
				CLANG_WARN_UNREACHABLE_CODE = YES;
				CLANG_WARN__DUPLICATE_METHOD_MATCH = YES;
				CODE_SIGN_STYLE = Automatic;
				COPY_PHASE_STRIP = NO;
				CURRENT_PROJECT_VERSION = 1;
				DEBUG_INFORMATION_FORMAT = "dwarf-with-dsym";
				DEFINES_MODULE = YES;
				DYLIB_COMPATIBILITY_VERSION = 1;
				DYLIB_CURRENT_VERSION = 1;
				DYLIB_INSTALL_NAME_BASE = "@rpath";
				ENABLE_NS_ASSERTIONS = NO;
				ENABLE_STRICT_OBJC_MSGSEND = YES;
				GCC_C_LANGUAGE_STANDARD = gnu11;
				GCC_NO_COMMON_BLOCKS = YES;
				GCC_WARN_64_TO_32_BIT_CONVERSION = YES;
				GCC_WARN_ABOUT_RETURN_TYPE = YES_ERROR;
				GCC_WARN_UNDECLARED_SELECTOR = YES;
				GCC_WARN_UNINITIALIZED_AUTOS = YES_AGGRESSIVE;
				GCC_WARN_UNUSED_FUNCTION = YES;
				GCC_WARN_UNUSED_VARIABLE = YES;
				INFOPLIST_FILE = "$(SRCROOT)/Sources/Supporting Files/Info.plist";
				INSTALL_PATH = "$(LOCAL_LIBRARY_DIR)/Frameworks";
				IPHONEOS_DEPLOYMENT_TARGET = 14.0;
				LD_RUNPATH_SEARCH_PATHS = (
					"$(inherited)",
					"@executable_path/Frameworks",
					"@loader_path/Frameworks",
				);
				MTL_ENABLE_DEBUG_INFO = NO;
				MTL_FAST_MATH = YES;
				PRODUCT_BUNDLE_IDENTIFIER = "by.ivanvorobei.SparrowKit-tvOS";
				PRODUCT_NAME = "$(TARGET_NAME:c99extidentifier)";
				SDKROOT = appletvos;
				SKIP_INSTALL = YES;
				SWIFT_COMPILATION_MODE = wholemodule;
				SWIFT_OPTIMIZATION_LEVEL = "-O";
				SWIFT_VERSION = 5.0;
				TARGETED_DEVICE_FAMILY = 3;
				TVOS_DEPLOYMENT_TARGET = 12.0;
				VALIDATE_PRODUCT = YES;
				VERSIONING_SYSTEM = "apple-generic";
				VERSION_INFO_PREFIX = "";
			};
			name = Release;
		};
		F43423AA251CDD450094F319 /* Debug */ = {
			isa = XCBuildConfiguration;
			buildSettings = {
				ALWAYS_SEARCH_USER_PATHS = NO;
				CLANG_ANALYZER_NONNULL = YES;
				CLANG_ANALYZER_NUMBER_OBJECT_CONVERSION = YES_AGGRESSIVE;
				CLANG_CXX_LANGUAGE_STANDARD = "gnu++14";
				CLANG_CXX_LIBRARY = "libc++";
				CLANG_ENABLE_MODULES = YES;
				CLANG_ENABLE_OBJC_ARC = YES;
				CLANG_ENABLE_OBJC_WEAK = YES;
				CLANG_WARN_BLOCK_CAPTURE_AUTORELEASING = YES;
				CLANG_WARN_BOOL_CONVERSION = YES;
				CLANG_WARN_COMMA = YES;
				CLANG_WARN_CONSTANT_CONVERSION = YES;
				CLANG_WARN_DEPRECATED_OBJC_IMPLEMENTATIONS = YES;
				CLANG_WARN_DIRECT_OBJC_ISA_USAGE = YES_ERROR;
				CLANG_WARN_DOCUMENTATION_COMMENTS = YES;
				CLANG_WARN_EMPTY_BODY = YES;
				CLANG_WARN_ENUM_CONVERSION = YES;
				CLANG_WARN_INFINITE_RECURSION = YES;
				CLANG_WARN_INT_CONVERSION = YES;
				CLANG_WARN_NON_LITERAL_NULL_CONVERSION = YES;
				CLANG_WARN_OBJC_IMPLICIT_RETAIN_SELF = YES;
				CLANG_WARN_OBJC_LITERAL_CONVERSION = YES;
				CLANG_WARN_OBJC_ROOT_CLASS = YES_ERROR;
				CLANG_WARN_QUOTED_INCLUDE_IN_FRAMEWORK_HEADER = YES;
				CLANG_WARN_RANGE_LOOP_ANALYSIS = YES;
				CLANG_WARN_STRICT_PROTOTYPES = YES;
				CLANG_WARN_SUSPICIOUS_MOVE = YES;
				CLANG_WARN_UNGUARDED_AVAILABILITY = YES_AGGRESSIVE;
				CLANG_WARN_UNREACHABLE_CODE = YES;
				CLANG_WARN__DUPLICATE_METHOD_MATCH = YES;
				CODE_SIGN_STYLE = Automatic;
				COPY_PHASE_STRIP = NO;
				CURRENT_PROJECT_VERSION = 1;
				DEBUG_INFORMATION_FORMAT = dwarf;
				DEFINES_MODULE = YES;
				DYLIB_COMPATIBILITY_VERSION = 1;
				DYLIB_CURRENT_VERSION = 1;
				DYLIB_INSTALL_NAME_BASE = "@rpath";
				ENABLE_STRICT_OBJC_MSGSEND = YES;
				ENABLE_TESTABILITY = YES;
				GCC_C_LANGUAGE_STANDARD = gnu11;
				GCC_DYNAMIC_NO_PIC = NO;
				GCC_NO_COMMON_BLOCKS = YES;
				GCC_OPTIMIZATION_LEVEL = 0;
				GCC_PREPROCESSOR_DEFINITIONS = (
					"DEBUG=1",
					"$(inherited)",
				);
				GCC_WARN_64_TO_32_BIT_CONVERSION = YES;
				GCC_WARN_ABOUT_RETURN_TYPE = YES_ERROR;
				GCC_WARN_UNDECLARED_SELECTOR = YES;
				GCC_WARN_UNINITIALIZED_AUTOS = YES_AGGRESSIVE;
				GCC_WARN_UNUSED_FUNCTION = YES;
				GCC_WARN_UNUSED_VARIABLE = YES;
				INFOPLIST_FILE = "$(SRCROOT)/Sources/Supporting Files/Info.plist";
				INSTALL_PATH = "$(LOCAL_LIBRARY_DIR)/Frameworks";
				IPHONEOS_DEPLOYMENT_TARGET = 14.0;
				LD_RUNPATH_SEARCH_PATHS = (
					"$(inherited)",
					"@executable_path/Frameworks",
					"@loader_path/Frameworks",
				);
				MTL_ENABLE_DEBUG_INFO = INCLUDE_SOURCE;
				MTL_FAST_MATH = YES;
				ONLY_ACTIVE_ARCH = YES;
				PRODUCT_BUNDLE_IDENTIFIER = "by.ivanvorobei.SparrowKit-watchOS";
				PRODUCT_NAME = "$(TARGET_NAME:c99extidentifier)";
				SDKROOT = watchos;
				SKIP_INSTALL = YES;
				SWIFT_ACTIVE_COMPILATION_CONDITIONS = DEBUG;
				SWIFT_OPTIMIZATION_LEVEL = "-Onone";
				SWIFT_VERSION = 5.0;
				TARGETED_DEVICE_FAMILY = 4;
				VERSIONING_SYSTEM = "apple-generic";
				VERSION_INFO_PREFIX = "";
				WATCHOS_DEPLOYMENT_TARGET = 6.0;
			};
			name = Debug;
		};
		F43423AB251CDD450094F319 /* Release */ = {
			isa = XCBuildConfiguration;
			buildSettings = {
				ALWAYS_SEARCH_USER_PATHS = NO;
				CLANG_ANALYZER_NONNULL = YES;
				CLANG_ANALYZER_NUMBER_OBJECT_CONVERSION = YES_AGGRESSIVE;
				CLANG_CXX_LANGUAGE_STANDARD = "gnu++14";
				CLANG_CXX_LIBRARY = "libc++";
				CLANG_ENABLE_MODULES = YES;
				CLANG_ENABLE_OBJC_ARC = YES;
				CLANG_ENABLE_OBJC_WEAK = YES;
				CLANG_WARN_BLOCK_CAPTURE_AUTORELEASING = YES;
				CLANG_WARN_BOOL_CONVERSION = YES;
				CLANG_WARN_COMMA = YES;
				CLANG_WARN_CONSTANT_CONVERSION = YES;
				CLANG_WARN_DEPRECATED_OBJC_IMPLEMENTATIONS = YES;
				CLANG_WARN_DIRECT_OBJC_ISA_USAGE = YES_ERROR;
				CLANG_WARN_DOCUMENTATION_COMMENTS = YES;
				CLANG_WARN_EMPTY_BODY = YES;
				CLANG_WARN_ENUM_CONVERSION = YES;
				CLANG_WARN_INFINITE_RECURSION = YES;
				CLANG_WARN_INT_CONVERSION = YES;
				CLANG_WARN_NON_LITERAL_NULL_CONVERSION = YES;
				CLANG_WARN_OBJC_IMPLICIT_RETAIN_SELF = YES;
				CLANG_WARN_OBJC_LITERAL_CONVERSION = YES;
				CLANG_WARN_OBJC_ROOT_CLASS = YES_ERROR;
				CLANG_WARN_QUOTED_INCLUDE_IN_FRAMEWORK_HEADER = YES;
				CLANG_WARN_RANGE_LOOP_ANALYSIS = YES;
				CLANG_WARN_STRICT_PROTOTYPES = YES;
				CLANG_WARN_SUSPICIOUS_MOVE = YES;
				CLANG_WARN_UNGUARDED_AVAILABILITY = YES_AGGRESSIVE;
				CLANG_WARN_UNREACHABLE_CODE = YES;
				CLANG_WARN__DUPLICATE_METHOD_MATCH = YES;
				CODE_SIGN_STYLE = Automatic;
				COPY_PHASE_STRIP = NO;
				CURRENT_PROJECT_VERSION = 1;
				DEBUG_INFORMATION_FORMAT = "dwarf-with-dsym";
				DEFINES_MODULE = YES;
				DYLIB_COMPATIBILITY_VERSION = 1;
				DYLIB_CURRENT_VERSION = 1;
				DYLIB_INSTALL_NAME_BASE = "@rpath";
				ENABLE_NS_ASSERTIONS = NO;
				ENABLE_STRICT_OBJC_MSGSEND = YES;
				GCC_C_LANGUAGE_STANDARD = gnu11;
				GCC_NO_COMMON_BLOCKS = YES;
				GCC_WARN_64_TO_32_BIT_CONVERSION = YES;
				GCC_WARN_ABOUT_RETURN_TYPE = YES_ERROR;
				GCC_WARN_UNDECLARED_SELECTOR = YES;
				GCC_WARN_UNINITIALIZED_AUTOS = YES_AGGRESSIVE;
				GCC_WARN_UNUSED_FUNCTION = YES;
				GCC_WARN_UNUSED_VARIABLE = YES;
				INFOPLIST_FILE = "$(SRCROOT)/Sources/Supporting Files/Info.plist";
				INSTALL_PATH = "$(LOCAL_LIBRARY_DIR)/Frameworks";
				IPHONEOS_DEPLOYMENT_TARGET = 14.0;
				LD_RUNPATH_SEARCH_PATHS = (
					"$(inherited)",
					"@executable_path/Frameworks",
					"@loader_path/Frameworks",
				);
				MTL_ENABLE_DEBUG_INFO = NO;
				MTL_FAST_MATH = YES;
				PRODUCT_BUNDLE_IDENTIFIER = "by.ivanvorobei.SparrowKit-watchOS";
				PRODUCT_NAME = "$(TARGET_NAME:c99extidentifier)";
				SDKROOT = watchos;
				SKIP_INSTALL = YES;
				SWIFT_COMPILATION_MODE = wholemodule;
				SWIFT_OPTIMIZATION_LEVEL = "-O";
				SWIFT_VERSION = 5.0;
				TARGETED_DEVICE_FAMILY = 4;
				VALIDATE_PRODUCT = YES;
				VERSIONING_SYSTEM = "apple-generic";
				VERSION_INFO_PREFIX = "";
				WATCHOS_DEPLOYMENT_TARGET = 6.0;
			};
			name = Release;
		};
		F4ACC341251CCE490073F10E /* Debug */ = {
			isa = XCBuildConfiguration;
			buildSettings = {
				CLANG_WARN_BLOCK_CAPTURE_AUTORELEASING = YES;
				CLANG_WARN_BOOL_CONVERSION = YES;
				CLANG_WARN_COMMA = YES;
				CLANG_WARN_CONSTANT_CONVERSION = YES;
				CLANG_WARN_DEPRECATED_OBJC_IMPLEMENTATIONS = YES;
				CLANG_WARN_EMPTY_BODY = YES;
				CLANG_WARN_ENUM_CONVERSION = YES;
				CLANG_WARN_INFINITE_RECURSION = YES;
				CLANG_WARN_INT_CONVERSION = YES;
				CLANG_WARN_NON_LITERAL_NULL_CONVERSION = YES;
				CLANG_WARN_OBJC_IMPLICIT_RETAIN_SELF = YES;
				CLANG_WARN_OBJC_LITERAL_CONVERSION = YES;
				CLANG_WARN_QUOTED_INCLUDE_IN_FRAMEWORK_HEADER = YES;
				CLANG_WARN_RANGE_LOOP_ANALYSIS = YES;
				CLANG_WARN_STRICT_PROTOTYPES = YES;
				CLANG_WARN_SUSPICIOUS_MOVE = YES;
				CLANG_WARN_UNREACHABLE_CODE = YES;
				CLANG_WARN__DUPLICATE_METHOD_MATCH = YES;
				ENABLE_STRICT_OBJC_MSGSEND = YES;
				ENABLE_TESTABILITY = YES;
				GCC_NO_COMMON_BLOCKS = YES;
				GCC_WARN_64_TO_32_BIT_CONVERSION = YES;
				GCC_WARN_ABOUT_RETURN_TYPE = YES;
				GCC_WARN_UNDECLARED_SELECTOR = YES;
				GCC_WARN_UNINITIALIZED_AUTOS = YES;
				GCC_WARN_UNUSED_FUNCTION = YES;
				GCC_WARN_UNUSED_VARIABLE = YES;
				ONLY_ACTIVE_ARCH = YES;
			};
			name = Debug;
		};
		F4ACC342251CCE490073F10E /* Release */ = {
			isa = XCBuildConfiguration;
			buildSettings = {
				CLANG_WARN_BLOCK_CAPTURE_AUTORELEASING = YES;
				CLANG_WARN_BOOL_CONVERSION = YES;
				CLANG_WARN_COMMA = YES;
				CLANG_WARN_CONSTANT_CONVERSION = YES;
				CLANG_WARN_DEPRECATED_OBJC_IMPLEMENTATIONS = YES;
				CLANG_WARN_EMPTY_BODY = YES;
				CLANG_WARN_ENUM_CONVERSION = YES;
				CLANG_WARN_INFINITE_RECURSION = YES;
				CLANG_WARN_INT_CONVERSION = YES;
				CLANG_WARN_NON_LITERAL_NULL_CONVERSION = YES;
				CLANG_WARN_OBJC_IMPLICIT_RETAIN_SELF = YES;
				CLANG_WARN_OBJC_LITERAL_CONVERSION = YES;
				CLANG_WARN_QUOTED_INCLUDE_IN_FRAMEWORK_HEADER = YES;
				CLANG_WARN_RANGE_LOOP_ANALYSIS = YES;
				CLANG_WARN_STRICT_PROTOTYPES = YES;
				CLANG_WARN_SUSPICIOUS_MOVE = YES;
				CLANG_WARN_UNREACHABLE_CODE = YES;
				CLANG_WARN__DUPLICATE_METHOD_MATCH = YES;
				ENABLE_STRICT_OBJC_MSGSEND = YES;
				GCC_NO_COMMON_BLOCKS = YES;
				GCC_WARN_64_TO_32_BIT_CONVERSION = YES;
				GCC_WARN_ABOUT_RETURN_TYPE = YES;
				GCC_WARN_UNDECLARED_SELECTOR = YES;
				GCC_WARN_UNINITIALIZED_AUTOS = YES;
				GCC_WARN_UNUSED_FUNCTION = YES;
				GCC_WARN_UNUSED_VARIABLE = YES;
			};
			name = Release;
		};
		F4ACC356251CCF200073F10E /* Debug */ = {
			isa = XCBuildConfiguration;
			buildSettings = {
				ALWAYS_SEARCH_USER_PATHS = NO;
				CLANG_ANALYZER_NONNULL = YES;
				CLANG_ANALYZER_NUMBER_OBJECT_CONVERSION = YES_AGGRESSIVE;
				CLANG_CXX_LANGUAGE_STANDARD = "gnu++14";
				CLANG_CXX_LIBRARY = "libc++";
				CLANG_ENABLE_MODULES = YES;
				CLANG_ENABLE_OBJC_ARC = YES;
				CLANG_ENABLE_OBJC_WEAK = YES;
				CLANG_WARN_BLOCK_CAPTURE_AUTORELEASING = YES;
				CLANG_WARN_BOOL_CONVERSION = YES;
				CLANG_WARN_COMMA = YES;
				CLANG_WARN_CONSTANT_CONVERSION = YES;
				CLANG_WARN_DEPRECATED_OBJC_IMPLEMENTATIONS = YES;
				CLANG_WARN_DIRECT_OBJC_ISA_USAGE = YES_ERROR;
				CLANG_WARN_DOCUMENTATION_COMMENTS = YES;
				CLANG_WARN_EMPTY_BODY = YES;
				CLANG_WARN_ENUM_CONVERSION = YES;
				CLANG_WARN_INFINITE_RECURSION = YES;
				CLANG_WARN_INT_CONVERSION = YES;
				CLANG_WARN_NON_LITERAL_NULL_CONVERSION = YES;
				CLANG_WARN_OBJC_IMPLICIT_RETAIN_SELF = YES;
				CLANG_WARN_OBJC_LITERAL_CONVERSION = YES;
				CLANG_WARN_OBJC_ROOT_CLASS = YES_ERROR;
				CLANG_WARN_QUOTED_INCLUDE_IN_FRAMEWORK_HEADER = YES;
				CLANG_WARN_RANGE_LOOP_ANALYSIS = YES;
				CLANG_WARN_STRICT_PROTOTYPES = YES;
				CLANG_WARN_SUSPICIOUS_MOVE = YES;
				CLANG_WARN_UNGUARDED_AVAILABILITY = YES_AGGRESSIVE;
				CLANG_WARN_UNREACHABLE_CODE = YES;
				CLANG_WARN__DUPLICATE_METHOD_MATCH = YES;
				CODE_SIGN_STYLE = Automatic;
				COPY_PHASE_STRIP = NO;
				CURRENT_PROJECT_VERSION = 1;
				DEBUG_INFORMATION_FORMAT = dwarf;
				DEFINES_MODULE = YES;
				DYLIB_COMPATIBILITY_VERSION = 1;
				DYLIB_CURRENT_VERSION = 1;
				DYLIB_INSTALL_NAME_BASE = "@rpath";
				ENABLE_STRICT_OBJC_MSGSEND = YES;
				ENABLE_TESTABILITY = YES;
				GCC_C_LANGUAGE_STANDARD = gnu11;
				GCC_DYNAMIC_NO_PIC = NO;
				GCC_NO_COMMON_BLOCKS = YES;
				GCC_OPTIMIZATION_LEVEL = 0;
				GCC_PREPROCESSOR_DEFINITIONS = (
					"DEBUG=1",
					"$(inherited)",
				);
				GCC_WARN_64_TO_32_BIT_CONVERSION = YES;
				GCC_WARN_ABOUT_RETURN_TYPE = YES_ERROR;
				GCC_WARN_UNDECLARED_SELECTOR = YES;
				GCC_WARN_UNINITIALIZED_AUTOS = YES_AGGRESSIVE;
				GCC_WARN_UNUSED_FUNCTION = YES;
				GCC_WARN_UNUSED_VARIABLE = YES;
				INFOPLIST_FILE = "$(SRCROOT)/Sources/Supporting Files/Info.plist";
				INSTALL_PATH = "$(LOCAL_LIBRARY_DIR)/Frameworks";
				IPHONEOS_DEPLOYMENT_TARGET = 12.0;
				LD_RUNPATH_SEARCH_PATHS = (
					"$(inherited)",
					"@executable_path/Frameworks",
					"@loader_path/Frameworks",
				);
				MTL_ENABLE_DEBUG_INFO = INCLUDE_SOURCE;
				MTL_FAST_MATH = YES;
				ONLY_ACTIVE_ARCH = YES;
				PRODUCT_BUNDLE_IDENTIFIER = "by.ivanvorobei.SparrowKit-iOS";
				PRODUCT_NAME = "$(TARGET_NAME:c99extidentifier)";
				SDKROOT = iphoneos;
				SKIP_INSTALL = YES;
				SUPPORTS_MACCATALYST = NO;
				SWIFT_ACTIVE_COMPILATION_CONDITIONS = DEBUG;
				SWIFT_OPTIMIZATION_LEVEL = "-Onone";
				SWIFT_VERSION = 5.0;
				TARGETED_DEVICE_FAMILY = "1,2";
				VERSIONING_SYSTEM = "apple-generic";
				VERSION_INFO_PREFIX = "";
			};
			name = Debug;
		};
		F4ACC357251CCF200073F10E /* Release */ = {
			isa = XCBuildConfiguration;
			buildSettings = {
				ALWAYS_SEARCH_USER_PATHS = NO;
				CLANG_ANALYZER_NONNULL = YES;
				CLANG_ANALYZER_NUMBER_OBJECT_CONVERSION = YES_AGGRESSIVE;
				CLANG_CXX_LANGUAGE_STANDARD = "gnu++14";
				CLANG_CXX_LIBRARY = "libc++";
				CLANG_ENABLE_MODULES = YES;
				CLANG_ENABLE_OBJC_ARC = YES;
				CLANG_ENABLE_OBJC_WEAK = YES;
				CLANG_WARN_BLOCK_CAPTURE_AUTORELEASING = YES;
				CLANG_WARN_BOOL_CONVERSION = YES;
				CLANG_WARN_COMMA = YES;
				CLANG_WARN_CONSTANT_CONVERSION = YES;
				CLANG_WARN_DEPRECATED_OBJC_IMPLEMENTATIONS = YES;
				CLANG_WARN_DIRECT_OBJC_ISA_USAGE = YES_ERROR;
				CLANG_WARN_DOCUMENTATION_COMMENTS = YES;
				CLANG_WARN_EMPTY_BODY = YES;
				CLANG_WARN_ENUM_CONVERSION = YES;
				CLANG_WARN_INFINITE_RECURSION = YES;
				CLANG_WARN_INT_CONVERSION = YES;
				CLANG_WARN_NON_LITERAL_NULL_CONVERSION = YES;
				CLANG_WARN_OBJC_IMPLICIT_RETAIN_SELF = YES;
				CLANG_WARN_OBJC_LITERAL_CONVERSION = YES;
				CLANG_WARN_OBJC_ROOT_CLASS = YES_ERROR;
				CLANG_WARN_QUOTED_INCLUDE_IN_FRAMEWORK_HEADER = YES;
				CLANG_WARN_RANGE_LOOP_ANALYSIS = YES;
				CLANG_WARN_STRICT_PROTOTYPES = YES;
				CLANG_WARN_SUSPICIOUS_MOVE = YES;
				CLANG_WARN_UNGUARDED_AVAILABILITY = YES_AGGRESSIVE;
				CLANG_WARN_UNREACHABLE_CODE = YES;
				CLANG_WARN__DUPLICATE_METHOD_MATCH = YES;
				CODE_SIGN_STYLE = Automatic;
				COPY_PHASE_STRIP = NO;
				CURRENT_PROJECT_VERSION = 1;
				DEBUG_INFORMATION_FORMAT = "dwarf-with-dsym";
				DEFINES_MODULE = YES;
				DYLIB_COMPATIBILITY_VERSION = 1;
				DYLIB_CURRENT_VERSION = 1;
				DYLIB_INSTALL_NAME_BASE = "@rpath";
				ENABLE_NS_ASSERTIONS = NO;
				ENABLE_STRICT_OBJC_MSGSEND = YES;
				GCC_C_LANGUAGE_STANDARD = gnu11;
				GCC_NO_COMMON_BLOCKS = YES;
				GCC_WARN_64_TO_32_BIT_CONVERSION = YES;
				GCC_WARN_ABOUT_RETURN_TYPE = YES_ERROR;
				GCC_WARN_UNDECLARED_SELECTOR = YES;
				GCC_WARN_UNINITIALIZED_AUTOS = YES_AGGRESSIVE;
				GCC_WARN_UNUSED_FUNCTION = YES;
				GCC_WARN_UNUSED_VARIABLE = YES;
				INFOPLIST_FILE = "$(SRCROOT)/Sources/Supporting Files/Info.plist";
				INSTALL_PATH = "$(LOCAL_LIBRARY_DIR)/Frameworks";
				IPHONEOS_DEPLOYMENT_TARGET = 12.0;
				LD_RUNPATH_SEARCH_PATHS = (
					"$(inherited)",
					"@executable_path/Frameworks",
					"@loader_path/Frameworks",
				);
				MTL_ENABLE_DEBUG_INFO = NO;
				MTL_FAST_MATH = YES;
				PRODUCT_BUNDLE_IDENTIFIER = "by.ivanvorobei.SparrowKit-iOS";
				PRODUCT_NAME = "$(TARGET_NAME:c99extidentifier)";
				SDKROOT = iphoneos;
				SKIP_INSTALL = YES;
				SUPPORTS_MACCATALYST = NO;
				SWIFT_COMPILATION_MODE = wholemodule;
				SWIFT_OPTIMIZATION_LEVEL = "-O";
				SWIFT_VERSION = 5.0;
				TARGETED_DEVICE_FAMILY = "1,2";
				VALIDATE_PRODUCT = YES;
				VERSIONING_SYSTEM = "apple-generic";
				VERSION_INFO_PREFIX = "";
			};
			name = Release;
		};
/* End XCBuildConfiguration section */

/* Begin XCConfigurationList section */
		F4342396251CDCCB0094F319 /* Build configuration list for PBXNativeTarget "SparrowKit tvOS" */ = {
			isa = XCConfigurationList;
			buildConfigurations = (
				F4342397251CDCCB0094F319 /* Debug */,
				F4342398251CDCCB0094F319 /* Release */,
			);
			defaultConfigurationIsVisible = 0;
			defaultConfigurationName = Release;
		};
		F43423A9251CDD450094F319 /* Build configuration list for PBXNativeTarget "SparrowKit watchOS" */ = {
			isa = XCConfigurationList;
			buildConfigurations = (
				F43423AA251CDD450094F319 /* Debug */,
				F43423AB251CDD450094F319 /* Release */,
			);
			defaultConfigurationIsVisible = 0;
			defaultConfigurationName = Release;
		};
		F4ACC340251CCE490073F10E /* Build configuration list for PBXProject "SparrowKit" */ = {
			isa = XCConfigurationList;
			buildConfigurations = (
				F4ACC341251CCE490073F10E /* Debug */,
				F4ACC342251CCE490073F10E /* Release */,
			);
			defaultConfigurationIsVisible = 0;
			defaultConfigurationName = Release;
		};
		F4ACC355251CCF200073F10E /* Build configuration list for PBXNativeTarget "SparrowKit iOS" */ = {
			isa = XCConfigurationList;
			buildConfigurations = (
				F4ACC356251CCF200073F10E /* Debug */,
				F4ACC357251CCF200073F10E /* Release */,
			);
			defaultConfigurationIsVisible = 0;
			defaultConfigurationName = Release;
		};
/* End XCConfigurationList section */
	};
	rootObject = F4ACC33D251CCE490073F10E /* Project object */;
}
